// !$*UTF8*$!
{
	archiveVersion = 1;
	classes = {
	};
	objectVersion = 50;
	objects = {

/* Begin PBXBuildFile section */
		1D53D0401AFBF1F3BB4E66E1 /* Pods_KakaoMap_SampleTests.framework in Frameworks */ = {isa = PBXBuildFile; fileRef = 85DDB779A01EC7302F0C0ABF /* Pods_KakaoMap_SampleTests.framework */; };
		5DD04470C6579273C4C2B374 /* Pods_KakaoMap_Sample.framework in Frameworks */ = {isa = PBXBuildFile; fileRef = 3F43455B63764F169D2B3092 /* Pods_KakaoMap_Sample.framework */; };
		A12D7814229D9A5200AC5C4F /* Domain.framework in Frameworks */ = {isa = PBXBuildFile; fileRef = A12D780B229D9A5200AC5C4F /* Domain.framework */; };
		A12D781B229D9A5200AC5C4F /* DomainTests.swift in Sources */ = {isa = PBXBuildFile; fileRef = A12D781A229D9A5200AC5C4F /* DomainTests.swift */; };
		A12D781D229D9A5200AC5C4F /* Domain.h in Headers */ = {isa = PBXBuildFile; fileRef = A12D780D229D9A5200AC5C4F /* Domain.h */; settings = {ATTRIBUTES = (Public, ); }; };
		A12D7820229D9A5200AC5C4F /* Domain.framework in Frameworks */ = {isa = PBXBuildFile; fileRef = A12D780B229D9A5200AC5C4F /* Domain.framework */; };
		A12D7821229D9A5200AC5C4F /* Domain.framework in Embed Frameworks */ = {isa = PBXBuildFile; fileRef = A12D780B229D9A5200AC5C4F /* Domain.framework */; settings = {ATTRIBUTES = (CodeSignOnCopy, RemoveHeadersOnCopy, ); }; };
		A12D7837229D9A7400AC5C4F /* NetworkPlatform.framework in Frameworks */ = {isa = PBXBuildFile; fileRef = A12D782E229D9A7400AC5C4F /* NetworkPlatform.framework */; };
		A12D783E229D9A7400AC5C4F /* NetworkPlatformTests.swift in Sources */ = {isa = PBXBuildFile; fileRef = A12D783D229D9A7400AC5C4F /* NetworkPlatformTests.swift */; };
		A12D7840229D9A7400AC5C4F /* NetworkPlatform.h in Headers */ = {isa = PBXBuildFile; fileRef = A12D7830229D9A7400AC5C4F /* NetworkPlatform.h */; settings = {ATTRIBUTES = (Public, ); }; };
		A12D7843229D9A7400AC5C4F /* NetworkPlatform.framework in Frameworks */ = {isa = PBXBuildFile; fileRef = A12D782E229D9A7400AC5C4F /* NetworkPlatform.framework */; };
		A12D7844229D9A7400AC5C4F /* NetworkPlatform.framework in Embed Frameworks */ = {isa = PBXBuildFile; fileRef = A12D782E229D9A7400AC5C4F /* NetworkPlatform.framework */; settings = {ATTRIBUTES = (CodeSignOnCopy, RemoveHeadersOnCopy, ); }; };
		A12D784B229D9D5C00AC5C4F /* UseCaseProvider.swift in Sources */ = {isa = PBXBuildFile; fileRef = CCCA508E229BCF7100AC0CCF /* UseCaseProvider.swift */; };
		A12D784C229D9D7600AC5C4F /* FindPlaceUseCase.swift in Sources */ = {isa = PBXBuildFile; fileRef = A12F40BB229A9722008B282C /* FindPlaceUseCase.swift */; };
		A12D784D229D9D8F00AC5C4F /* FindPlaceService.swift in Sources */ = {isa = PBXBuildFile; fileRef = A12F40B4229A74CC008B282C /* FindPlaceService.swift */; };
		A12D784E229D9D9400AC5C4F /* Network.swift in Sources */ = {isa = PBXBuildFile; fileRef = A12F40C2229AAC6A008B282C /* Network.swift */; };
		A12D784F229D9E1A00AC5C4F /* UseCaseProvider.swift in Sources */ = {isa = PBXBuildFile; fileRef = A12F40AE229A70CA008B282C /* UseCaseProvider.swift */; };
		A12D7850229D9E1E00AC5C4F /* FindPlaceUseCase.swift in Sources */ = {isa = PBXBuildFile; fileRef = A12F40B0229A717B008B282C /* FindPlaceUseCase.swift */; };
		A12D7851229D9E2200AC5C4F /* FindPlaces.swift in Sources */ = {isa = PBXBuildFile; fileRef = CCCE3E70229CDE3F000EE4DC /* FindPlaces.swift */; };
		A12D7852229D9E2500AC5C4F /* Place.swift in Sources */ = {isa = PBXBuildFile; fileRef = A12F40AB229A6EF7008B282C /* Place.swift */; };
		A12D7853229D9E2900AC5C4F /* CategoryCode.swift in Sources */ = {isa = PBXBuildFile; fileRef = A12F40B6229A7BF5008B282C /* CategoryCode.swift */; };
		A12D7854229D9E2C00AC5C4F /* Position.swift in Sources */ = {isa = PBXBuildFile; fileRef = A12F40B8229A7C4B008B282C /* Position.swift */; };
		A12D7855229D9E5500AC5C4F /* Domain.framework in Frameworks */ = {isa = PBXBuildFile; fileRef = A12D780B229D9A5200AC5C4F /* Domain.framework */; };
		A12D7857229D9E6800AC5C4F /* Pods_Domain.framework in Frameworks */ = {isa = PBXBuildFile; fileRef = A12D7856229D9E6800AC5C4F /* Pods_Domain.framework */; };
		A12D7859229D9E7700AC5C4F /* Pods_NetworkPlatform.framework in Frameworks */ = {isa = PBXBuildFile; fileRef = A12D7858229D9E7700AC5C4F /* Pods_NetworkPlatform.framework */; };
		A12D785E229DA8DE00AC5C4F /* CanShowAlert.swift in Sources */ = {isa = PBXBuildFile; fileRef = A12D785D229DA8DE00AC5C4F /* CanShowAlert.swift */; };
		A12F4022229A47D5008B282C /* AppDelegate.swift in Sources */ = {isa = PBXBuildFile; fileRef = A12F4021229A47D5008B282C /* AppDelegate.swift */; };
		A12F4024229A47D5008B282C /* MainViewController.swift in Sources */ = {isa = PBXBuildFile; fileRef = A12F4023229A47D5008B282C /* MainViewController.swift */; };
		A12F4029229A47D6008B282C /* Assets.xcassets in Resources */ = {isa = PBXBuildFile; fileRef = A12F4028229A47D6008B282C /* Assets.xcassets */; };
		A12F402C229A47D6008B282C /* LaunchScreen.storyboard in Resources */ = {isa = PBXBuildFile; fileRef = A12F402A229A47D6008B282C /* LaunchScreen.storyboard */; };
		A12F4037229A47D6008B282C /* KakaoMap_SampleTests.swift in Sources */ = {isa = PBXBuildFile; fileRef = A12F4036229A47D6008B282C /* KakaoMap_SampleTests.swift */; };
		A12F4042229A47D6008B282C /* KakaoMap_SampleUITests.swift in Sources */ = {isa = PBXBuildFile; fileRef = A12F4041229A47D6008B282C /* KakaoMap_SampleUITests.swift */; };
		A12F4078229A4B8D008B282C /* map_pinup_custom@3x.png in Resources */ = {isa = PBXBuildFile; fileRef = A12F4052229A4B8D008B282C /* map_pinup_custom@3x.png */; };
		A12F4079229A4B8D008B282C /* map_pin_custom.png in Resources */ = {isa = PBXBuildFile; fileRef = A12F4053229A4B8D008B282C /* map_pin_custom.png */; };
		A12F407A229A4B8D008B282C /* shadow_balloon.png in Resources */ = {isa = PBXBuildFile; fileRef = A12F4054229A4B8D008B282C /* shadow_balloon.png */; };
		A12F407B229A4B8D008B282C /* map_pinup.png in Resources */ = {isa = PBXBuildFile; fileRef = A12F4055229A4B8D008B282C /* map_pinup.png */; };
		A12F407C229A4B8D008B282C /* detail_button.png in Resources */ = {isa = PBXBuildFile; fileRef = A12F4056229A4B8D008B282C /* detail_button.png */; };
		A12F407D229A4B8D008B282C /* map_pin_custom@3x.png in Resources */ = {isa = PBXBuildFile; fileRef = A12F4057229A4B8D008B282C /* map_pin_custom@3x.png */; };
		A12F407E229A4B8D008B282C /* map_pinup@3x.png in Resources */ = {isa = PBXBuildFile; fileRef = A12F4058229A4B8D008B282C /* map_pinup@3x.png */; };
		A12F407F229A4B8D008B282C /* map_pin_shadow@3x.png in Resources */ = {isa = PBXBuildFile; fileRef = A12F4059229A4B8D008B282C /* map_pin_shadow@3x.png */; };
		A12F4080229A4B8D008B282C /* copyright.png in Resources */ = {isa = PBXBuildFile; fileRef = A12F405A229A4B8D008B282C /* copyright.png */; };
		A12F4081229A4B8D008B282C /* th_line.png in Resources */ = {isa = PBXBuildFile; fileRef = A12F405B229A4B8D008B282C /* th_line.png */; };
		A12F4082229A4B8D008B282C /* map_pin_red@3x.png in Resources */ = {isa = PBXBuildFile; fileRef = A12F405C229A4B8D008B282C /* map_pin_red@3x.png */; };
		A12F4083229A4B8D008B282C /* DaumMap in Frameworks */ = {isa = PBXBuildFile; fileRef = A12F405D229A4B8D008B282C /* DaumMap */; };
		A12F4084229A4B8D008B282C /* daum_copyright.png in Resources */ = {isa = PBXBuildFile; fileRef = A12F405E229A4B8D008B282C /* daum_copyright.png */; };
		A12F4085229A4B8D008B282C /* map_pin@3x.png in Resources */ = {isa = PBXBuildFile; fileRef = A12F405F229A4B8D008B282C /* map_pin@3x.png */; };
		A12F4086229A4B8D008B282C /* map_present_tracking.png in Resources */ = {isa = PBXBuildFile; fileRef = A12F4060229A4B8D008B282C /* map_present_tracking.png */; };
		A12F4087229A4B8D008B282C /* map_pin_red.png in Resources */ = {isa = PBXBuildFile; fileRef = A12F4061229A4B8D008B282C /* map_pin_red.png */; };
		A12F4088229A4B8D008B282C /* info_box.png in Resources */ = {isa = PBXBuildFile; fileRef = A12F406B229A4B8D008B282C /* info_box.png */; };
		A12F4089229A4B8D008B282C /* point_sprite.png in Resources */ = {isa = PBXBuildFile; fileRef = A12F406C229A4B8D008B282C /* point_sprite.png */; };
		A12F408A229A4B8D008B282C /* map_pinup_custom.png in Resources */ = {isa = PBXBuildFile; fileRef = A12F406D229A4B8D008B282C /* map_pinup_custom.png */; };
		A12F408B229A4B8D008B282C /* info_box_tail.png in Resources */ = {isa = PBXBuildFile; fileRef = A12F406E229A4B8D008B282C /* info_box_tail.png */; };
		A12F408C229A4B8D008B282C /* noimage256.png in Resources */ = {isa = PBXBuildFile; fileRef = A12F406F229A4B8D008B282C /* noimage256.png */; };
		A12F408D229A4B8D008B282C /* map_present_direction.png in Resources */ = {isa = PBXBuildFile; fileRef = A12F4070229A4B8D008B282C /* map_present_direction.png */; };
		A12F408E229A4B8D008B282C /* map_pin.png in Resources */ = {isa = PBXBuildFile; fileRef = A12F4071229A4B8D008B282C /* map_pin.png */; };
		A12F408F229A4B8D008B282C /* map_present.png in Resources */ = {isa = PBXBuildFile; fileRef = A12F4072229A4B8D008B282C /* map_present.png */; };
		A12F4090229A4B8D008B282C /* noimage.png in Resources */ = {isa = PBXBuildFile; fileRef = A12F4073229A4B8D008B282C /* noimage.png */; };
		A12F4091229A4B8D008B282C /* map_present_background_update.png in Resources */ = {isa = PBXBuildFile; fileRef = A12F4074229A4B8D008B282C /* map_present_background_update.png */; };
		A12F4092229A4B8D008B282C /* daum_th_line.png in Resources */ = {isa = PBXBuildFile; fileRef = A12F4075229A4B8D008B282C /* daum_th_line.png */; };
		A12F4093229A4B8D008B282C /* map_pin_shadow.png in Resources */ = {isa = PBXBuildFile; fileRef = A12F4076229A4B8D008B282C /* map_pin_shadow.png */; };
		A12F4094229A4B8D008B282C /* DaumMap.framework in Frameworks */ = {isa = PBXBuildFile; fileRef = A12F4077229A4B8D008B282C /* DaumMap.framework */; };
		A12F4097229A4C17008B282C /* OpenGLES.framework in Frameworks */ = {isa = PBXBuildFile; fileRef = A12F4096229A4C17008B282C /* OpenGLES.framework */; };
		A12F4099229A4C20008B282C /* SystemConfiguration.framework in Frameworks */ = {isa = PBXBuildFile; fileRef = A12F4098229A4C20008B282C /* SystemConfiguration.framework */; };
		A12F409B229A4C2A008B282C /* CoreLocation.framework in Frameworks */ = {isa = PBXBuildFile; fileRef = A12F409A229A4C2A008B282C /* CoreLocation.framework */; };
		A12F409D229A4C32008B282C /* QuartzCore.framework in Frameworks */ = {isa = PBXBuildFile; fileRef = A12F409C229A4C32008B282C /* QuartzCore.framework */; };
		A12F409F229A4C3C008B282C /* libc++.tbd in Frameworks */ = {isa = PBXBuildFile; fileRef = A12F409E229A4C3C008B282C /* libc++.tbd */; };
		A12F40A1229A4C45008B282C /* libxml2.tbd in Frameworks */ = {isa = PBXBuildFile; fileRef = A12F40A0229A4C45008B282C /* libxml2.tbd */; };
		A12F40A3229A4C55008B282C /* libsqlite3.tbd in Frameworks */ = {isa = PBXBuildFile; fileRef = A12F40A2229A4C55008B282C /* libsqlite3.tbd */; };
		A1BB8A8D229C47200034D6DB /* UIView+.swift in Sources */ = {isa = PBXBuildFile; fileRef = A1BB8A8C229C47200034D6DB /* UIView+.swift */; };
		CCCA508D229BCC6600AC0CCF /* Application.swift in Sources */ = {isa = PBXBuildFile; fileRef = CCCA508C229BCC6600AC0CCF /* Application.swift */; };
		CCCA5097229BE0C700AC0CCF /* MainNavigator.swift in Sources */ = {isa = PBXBuildFile; fileRef = CCCA5096229BE0C700AC0CCF /* MainNavigator.swift */; };
		CCCA509A229BEB2B00AC0CCF /* BaseViewController.swift in Sources */ = {isa = PBXBuildFile; fileRef = CCCA5099229BEB2B00AC0CCF /* BaseViewController.swift */; };
		CCCA509E229BF58500AC0CCF /* BaseView.swift in Sources */ = {isa = PBXBuildFile; fileRef = CCCA509D229BF58500AC0CCF /* BaseView.swift */; };
		CCCA50A0229BF72A00AC0CCF /* MainMapView.swift in Sources */ = {isa = PBXBuildFile; fileRef = CCCA509F229BF72A00AC0CCF /* MainMapView.swift */; };
		CCCE3E6B229CC887000EE4DC /* MainViewModel.swift in Sources */ = {isa = PBXBuildFile; fileRef = CCCE3E6A229CC887000EE4DC /* MainViewModel.swift */; };
		CCCE3E6D229CC89D000EE4DC /* ViewModelType.swift in Sources */ = {isa = PBXBuildFile; fileRef = CCCE3E6C229CC89D000EE4DC /* ViewModelType.swift */; };
		CCCE3E6F229CD2E5000EE4DC /* Rx+.swift in Sources */ = {isa = PBXBuildFile; fileRef = CCCE3E6E229CD2E5000EE4DC /* Rx+.swift */; };
		CCCE3E74229D15AD000EE4DC /* PlaceTableViewCell.swift in Sources */ = {isa = PBXBuildFile; fileRef = CCCE3E73229D15AD000EE4DC /* PlaceTableViewCell.swift */; };
		CCCE3E76229D1CE9000EE4DC /* PlaceItemViewModel.swift in Sources */ = {isa = PBXBuildFile; fileRef = CCCE3E75229D1CE9000EE4DC /* PlaceItemViewModel.swift */; };
		D30B602780331BD9A324E0E1 /* Pods_DomainTests.framework in Frameworks */ = {isa = PBXBuildFile; fileRef = 6707354371D67C9AB88FB0E0 /* Pods_DomainTests.framework */; };
		ED825AF100B568645C870D5C /* Pods_KakaoMap_SampleUITests.framework in Frameworks */ = {isa = PBXBuildFile; fileRef = C8A20527720AA9BC83BB858B /* Pods_KakaoMap_SampleUITests.framework */; };
		FFC2FAE871824CE76A881C13 /* Pods_NetworkPlatformTests.framework in Frameworks */ = {isa = PBXBuildFile; fileRef = 9D1771453ED3E85C65E04D61 /* Pods_NetworkPlatformTests.framework */; };
/* End PBXBuildFile section */

/* Begin PBXContainerItemProxy section */
		A12D7815229D9A5200AC5C4F /* PBXContainerItemProxy */ = {
			isa = PBXContainerItemProxy;
			containerPortal = A12F4016229A47D5008B282C /* Project object */;
			proxyType = 1;
			remoteGlobalIDString = A12D780A229D9A5200AC5C4F;
			remoteInfo = Domain;
		};
		A12D7817229D9A5200AC5C4F /* PBXContainerItemProxy */ = {
			isa = PBXContainerItemProxy;
			containerPortal = A12F4016229A47D5008B282C /* Project object */;
			proxyType = 1;
			remoteGlobalIDString = A12F401D229A47D5008B282C;
			remoteInfo = KakaoMap_Sample;
		};
		A12D781E229D9A5200AC5C4F /* PBXContainerItemProxy */ = {
			isa = PBXContainerItemProxy;
			containerPortal = A12F4016229A47D5008B282C /* Project object */;
			proxyType = 1;
			remoteGlobalIDString = A12D780A229D9A5200AC5C4F;
			remoteInfo = Domain;
		};
		A12D7838229D9A7400AC5C4F /* PBXContainerItemProxy */ = {
			isa = PBXContainerItemProxy;
			containerPortal = A12F4016229A47D5008B282C /* Project object */;
			proxyType = 1;
			remoteGlobalIDString = A12D782D229D9A7400AC5C4F;
			remoteInfo = NetworkPlatform;
		};
		A12D783A229D9A7400AC5C4F /* PBXContainerItemProxy */ = {
			isa = PBXContainerItemProxy;
			containerPortal = A12F4016229A47D5008B282C /* Project object */;
			proxyType = 1;
			remoteGlobalIDString = A12F401D229A47D5008B282C;
			remoteInfo = KakaoMap_Sample;
		};
		A12D7841229D9A7400AC5C4F /* PBXContainerItemProxy */ = {
			isa = PBXContainerItemProxy;
			containerPortal = A12F4016229A47D5008B282C /* Project object */;
			proxyType = 1;
			remoteGlobalIDString = A12D782D229D9A7400AC5C4F;
			remoteInfo = NetworkPlatform;
		};
		A12F4033229A47D6008B282C /* PBXContainerItemProxy */ = {
			isa = PBXContainerItemProxy;
			containerPortal = A12F4016229A47D5008B282C /* Project object */;
			proxyType = 1;
			remoteGlobalIDString = A12F401D229A47D5008B282C;
			remoteInfo = KakaoMap_Sample;
		};
		A12F403E229A47D6008B282C /* PBXContainerItemProxy */ = {
			isa = PBXContainerItemProxy;
			containerPortal = A12F4016229A47D5008B282C /* Project object */;
			proxyType = 1;
			remoteGlobalIDString = A12F401D229A47D5008B282C;
			remoteInfo = KakaoMap_Sample;
		};
/* End PBXContainerItemProxy section */

/* Begin PBXCopyFilesBuildPhase section */
		A12D7825229D9A5200AC5C4F /* Embed Frameworks */ = {
			isa = PBXCopyFilesBuildPhase;
			buildActionMask = 2147483647;
			dstPath = "";
			dstSubfolderSpec = 10;
			files = (
				A12D7844229D9A7400AC5C4F /* NetworkPlatform.framework in Embed Frameworks */,
				A12D7821229D9A5200AC5C4F /* Domain.framework in Embed Frameworks */,
			);
			name = "Embed Frameworks";
			runOnlyForDeploymentPostprocessing = 0;
		};
/* End PBXCopyFilesBuildPhase section */

/* Begin PBXFileReference section */
		02F573F15743992E07739DE7 /* Pods-KakaoMap_Sample.debug.xcconfig */ = {isa = PBXFileReference; includeInIndex = 1; lastKnownFileType = text.xcconfig; name = "Pods-KakaoMap_Sample.debug.xcconfig"; path = "Pods/Target Support Files/Pods-KakaoMap_Sample/Pods-KakaoMap_Sample.debug.xcconfig"; sourceTree = "<group>"; };
		0D725BFA810614D58C35FF7A /* Pods-NetworkPlatformTests.debug.xcconfig */ = {isa = PBXFileReference; includeInIndex = 1; lastKnownFileType = text.xcconfig; name = "Pods-NetworkPlatformTests.debug.xcconfig"; path = "Pods/Target Support Files/Pods-NetworkPlatformTests/Pods-NetworkPlatformTests.debug.xcconfig"; sourceTree = "<group>"; };
		0F3813177C0DBE12ED03972C /* Pods-Domain.release.xcconfig */ = {isa = PBXFileReference; includeInIndex = 1; lastKnownFileType = text.xcconfig; name = "Pods-Domain.release.xcconfig"; path = "Pods/Target Support Files/Pods-Domain/Pods-Domain.release.xcconfig"; sourceTree = "<group>"; };
		3F43455B63764F169D2B3092 /* Pods_KakaoMap_Sample.framework */ = {isa = PBXFileReference; explicitFileType = wrapper.framework; includeInIndex = 0; path = Pods_KakaoMap_Sample.framework; sourceTree = BUILT_PRODUCTS_DIR; };
		4C1B5F7623DD53556A316A7A /* Pods-KakaoMap_Sample.release.xcconfig */ = {isa = PBXFileReference; includeInIndex = 1; lastKnownFileType = text.xcconfig; name = "Pods-KakaoMap_Sample.release.xcconfig"; path = "Pods/Target Support Files/Pods-KakaoMap_Sample/Pods-KakaoMap_Sample.release.xcconfig"; sourceTree = "<group>"; };
		61D782C7A4E31EF0513A93EA /* Pods-DomainTests.release.xcconfig */ = {isa = PBXFileReference; includeInIndex = 1; lastKnownFileType = text.xcconfig; name = "Pods-DomainTests.release.xcconfig"; path = "Pods/Target Support Files/Pods-DomainTests/Pods-DomainTests.release.xcconfig"; sourceTree = "<group>"; };
		6707354371D67C9AB88FB0E0 /* Pods_DomainTests.framework */ = {isa = PBXFileReference; explicitFileType = wrapper.framework; includeInIndex = 0; path = Pods_DomainTests.framework; sourceTree = BUILT_PRODUCTS_DIR; };
		7E681B6466475BCDAD11CD96 /* Pods-DomainTests.debug.xcconfig */ = {isa = PBXFileReference; includeInIndex = 1; lastKnownFileType = text.xcconfig; name = "Pods-DomainTests.debug.xcconfig"; path = "Pods/Target Support Files/Pods-DomainTests/Pods-DomainTests.debug.xcconfig"; sourceTree = "<group>"; };
		854F7541E0842CA627C47319 /* Pods-Domain.debug.xcconfig */ = {isa = PBXFileReference; includeInIndex = 1; lastKnownFileType = text.xcconfig; name = "Pods-Domain.debug.xcconfig"; path = "Pods/Target Support Files/Pods-Domain/Pods-Domain.debug.xcconfig"; sourceTree = "<group>"; };
		85DDB779A01EC7302F0C0ABF /* Pods_KakaoMap_SampleTests.framework */ = {isa = PBXFileReference; explicitFileType = wrapper.framework; includeInIndex = 0; path = Pods_KakaoMap_SampleTests.framework; sourceTree = BUILT_PRODUCTS_DIR; };
		95050DE1046E545C39B2C49B /* Pods-NetworkPlatform.release.xcconfig */ = {isa = PBXFileReference; includeInIndex = 1; lastKnownFileType = text.xcconfig; name = "Pods-NetworkPlatform.release.xcconfig"; path = "Pods/Target Support Files/Pods-NetworkPlatform/Pods-NetworkPlatform.release.xcconfig"; sourceTree = "<group>"; };
		9D1771453ED3E85C65E04D61 /* Pods_NetworkPlatformTests.framework */ = {isa = PBXFileReference; explicitFileType = wrapper.framework; includeInIndex = 0; path = Pods_NetworkPlatformTests.framework; sourceTree = BUILT_PRODUCTS_DIR; };
		A12D780B229D9A5200AC5C4F /* Domain.framework */ = {isa = PBXFileReference; explicitFileType = wrapper.framework; includeInIndex = 0; path = Domain.framework; sourceTree = BUILT_PRODUCTS_DIR; };
		A12D780D229D9A5200AC5C4F /* Domain.h */ = {isa = PBXFileReference; lastKnownFileType = sourcecode.c.h; path = Domain.h; sourceTree = "<group>"; };
		A12D780E229D9A5200AC5C4F /* Info.plist */ = {isa = PBXFileReference; lastKnownFileType = text.plist.xml; path = Info.plist; sourceTree = "<group>"; };
		A12D7813229D9A5200AC5C4F /* DomainTests.xctest */ = {isa = PBXFileReference; explicitFileType = wrapper.cfbundle; includeInIndex = 0; path = DomainTests.xctest; sourceTree = BUILT_PRODUCTS_DIR; };
		A12D781A229D9A5200AC5C4F /* DomainTests.swift */ = {isa = PBXFileReference; lastKnownFileType = sourcecode.swift; path = DomainTests.swift; sourceTree = "<group>"; };
		A12D781C229D9A5200AC5C4F /* Info.plist */ = {isa = PBXFileReference; lastKnownFileType = text.plist.xml; path = Info.plist; sourceTree = "<group>"; };
		A12D782E229D9A7400AC5C4F /* NetworkPlatform.framework */ = {isa = PBXFileReference; explicitFileType = wrapper.framework; includeInIndex = 0; path = NetworkPlatform.framework; sourceTree = BUILT_PRODUCTS_DIR; };
		A12D7830229D9A7400AC5C4F /* NetworkPlatform.h */ = {isa = PBXFileReference; lastKnownFileType = sourcecode.c.h; path = NetworkPlatform.h; sourceTree = "<group>"; };
		A12D7831229D9A7400AC5C4F /* Info.plist */ = {isa = PBXFileReference; lastKnownFileType = text.plist.xml; path = Info.plist; sourceTree = "<group>"; };
		A12D7836229D9A7400AC5C4F /* NetworkPlatformTests.xctest */ = {isa = PBXFileReference; explicitFileType = wrapper.cfbundle; includeInIndex = 0; path = NetworkPlatformTests.xctest; sourceTree = BUILT_PRODUCTS_DIR; };
		A12D783D229D9A7400AC5C4F /* NetworkPlatformTests.swift */ = {isa = PBXFileReference; lastKnownFileType = sourcecode.swift; path = NetworkPlatformTests.swift; sourceTree = "<group>"; };
		A12D783F229D9A7400AC5C4F /* Info.plist */ = {isa = PBXFileReference; lastKnownFileType = text.plist.xml; path = Info.plist; sourceTree = "<group>"; };
		A12D7856229D9E6800AC5C4F /* Pods_Domain.framework */ = {isa = PBXFileReference; explicitFileType = wrapper.framework; path = Pods_Domain.framework; sourceTree = BUILT_PRODUCTS_DIR; };
		A12D7858229D9E7700AC5C4F /* Pods_NetworkPlatform.framework */ = {isa = PBXFileReference; explicitFileType = wrapper.framework; path = Pods_NetworkPlatform.framework; sourceTree = BUILT_PRODUCTS_DIR; };
		A12D785D229DA8DE00AC5C4F /* CanShowAlert.swift */ = {isa = PBXFileReference; lastKnownFileType = sourcecode.swift; path = CanShowAlert.swift; sourceTree = "<group>"; };
		A12F401E229A47D5008B282C /* KakaoMap_Sample.app */ = {isa = PBXFileReference; explicitFileType = wrapper.application; includeInIndex = 0; path = KakaoMap_Sample.app; sourceTree = BUILT_PRODUCTS_DIR; };
		A12F4021229A47D5008B282C /* AppDelegate.swift */ = {isa = PBXFileReference; lastKnownFileType = sourcecode.swift; path = AppDelegate.swift; sourceTree = "<group>"; };
		A12F4023229A47D5008B282C /* MainViewController.swift */ = {isa = PBXFileReference; lastKnownFileType = sourcecode.swift; path = MainViewController.swift; sourceTree = "<group>"; };
		A12F4028229A47D6008B282C /* Assets.xcassets */ = {isa = PBXFileReference; lastKnownFileType = folder.assetcatalog; path = Assets.xcassets; sourceTree = "<group>"; };
		A12F402B229A47D6008B282C /* Base */ = {isa = PBXFileReference; lastKnownFileType = file.storyboard; name = Base; path = Base.lproj/LaunchScreen.storyboard; sourceTree = "<group>"; };
		A12F402D229A47D6008B282C /* Info.plist */ = {isa = PBXFileReference; lastKnownFileType = text.plist.xml; path = Info.plist; sourceTree = "<group>"; };
		A12F4032229A47D6008B282C /* KakaoMap_SampleTests.xctest */ = {isa = PBXFileReference; explicitFileType = wrapper.cfbundle; includeInIndex = 0; path = KakaoMap_SampleTests.xctest; sourceTree = BUILT_PRODUCTS_DIR; };
		A12F4036229A47D6008B282C /* KakaoMap_SampleTests.swift */ = {isa = PBXFileReference; lastKnownFileType = sourcecode.swift; path = KakaoMap_SampleTests.swift; sourceTree = "<group>"; };
		A12F4038229A47D6008B282C /* Info.plist */ = {isa = PBXFileReference; lastKnownFileType = text.plist.xml; path = Info.plist; sourceTree = "<group>"; };
		A12F403D229A47D6008B282C /* KakaoMap_SampleUITests.xctest */ = {isa = PBXFileReference; explicitFileType = wrapper.cfbundle; includeInIndex = 0; path = KakaoMap_SampleUITests.xctest; sourceTree = BUILT_PRODUCTS_DIR; };
		A12F4041229A47D6008B282C /* KakaoMap_SampleUITests.swift */ = {isa = PBXFileReference; lastKnownFileType = sourcecode.swift; path = KakaoMap_SampleUITests.swift; sourceTree = "<group>"; };
		A12F4043229A47D6008B282C /* Info.plist */ = {isa = PBXFileReference; lastKnownFileType = text.plist.xml; path = Info.plist; sourceTree = "<group>"; };
		A12F4052229A4B8D008B282C /* map_pinup_custom@3x.png */ = {isa = PBXFileReference; lastKnownFileType = image.png; path = "map_pinup_custom@3x.png"; sourceTree = "<group>"; };
		A12F4053229A4B8D008B282C /* map_pin_custom.png */ = {isa = PBXFileReference; lastKnownFileType = image.png; path = map_pin_custom.png; sourceTree = "<group>"; };
		A12F4054229A4B8D008B282C /* shadow_balloon.png */ = {isa = PBXFileReference; lastKnownFileType = image.png; path = shadow_balloon.png; sourceTree = "<group>"; };
		A12F4055229A4B8D008B282C /* map_pinup.png */ = {isa = PBXFileReference; lastKnownFileType = image.png; path = map_pinup.png; sourceTree = "<group>"; };
		A12F4056229A4B8D008B282C /* detail_button.png */ = {isa = PBXFileReference; lastKnownFileType = image.png; path = detail_button.png; sourceTree = "<group>"; };
		A12F4057229A4B8D008B282C /* map_pin_custom@3x.png */ = {isa = PBXFileReference; lastKnownFileType = image.png; path = "map_pin_custom@3x.png"; sourceTree = "<group>"; };
		A12F4058229A4B8D008B282C /* map_pinup@3x.png */ = {isa = PBXFileReference; lastKnownFileType = image.png; path = "map_pinup@3x.png"; sourceTree = "<group>"; };
		A12F4059229A4B8D008B282C /* map_pin_shadow@3x.png */ = {isa = PBXFileReference; lastKnownFileType = image.png; path = "map_pin_shadow@3x.png"; sourceTree = "<group>"; };
		A12F405A229A4B8D008B282C /* copyright.png */ = {isa = PBXFileReference; lastKnownFileType = image.png; path = copyright.png; sourceTree = "<group>"; };
		A12F405B229A4B8D008B282C /* th_line.png */ = {isa = PBXFileReference; lastKnownFileType = image.png; path = th_line.png; sourceTree = "<group>"; };
		A12F405C229A4B8D008B282C /* map_pin_red@3x.png */ = {isa = PBXFileReference; lastKnownFileType = image.png; path = "map_pin_red@3x.png"; sourceTree = "<group>"; };
		A12F405D229A4B8D008B282C /* DaumMap */ = {isa = PBXFileReference; lastKnownFileType = archive.ar; path = DaumMap; sourceTree = "<group>"; };
		A12F405E229A4B8D008B282C /* daum_copyright.png */ = {isa = PBXFileReference; lastKnownFileType = image.png; path = daum_copyright.png; sourceTree = "<group>"; };
		A12F405F229A4B8D008B282C /* map_pin@3x.png */ = {isa = PBXFileReference; lastKnownFileType = image.png; path = "map_pin@3x.png"; sourceTree = "<group>"; };
		A12F4060229A4B8D008B282C /* map_present_tracking.png */ = {isa = PBXFileReference; lastKnownFileType = image.png; path = map_present_tracking.png; sourceTree = "<group>"; };
		A12F4061229A4B8D008B282C /* map_pin_red.png */ = {isa = PBXFileReference; lastKnownFileType = image.png; path = map_pin_red.png; sourceTree = "<group>"; };
		A12F4063229A4B8D008B282C /* MTMapPOIItem.h */ = {isa = PBXFileReference; fileEncoding = 4; lastKnownFileType = sourcecode.c.h; path = MTMapPOIItem.h; sourceTree = "<group>"; };
		A12F4064229A4B8D008B282C /* MTMapCameraUpdate.h */ = {isa = PBXFileReference; fileEncoding = 4; lastKnownFileType = sourcecode.c.h; path = MTMapCameraUpdate.h; sourceTree = "<group>"; };
		A12F4065229A4B8D008B282C /* MTMapReverseGeoCoder.h */ = {isa = PBXFileReference; fileEncoding = 4; lastKnownFileType = sourcecode.c.h; path = MTMapReverseGeoCoder.h; sourceTree = "<group>"; };
		A12F4066229A4B8D008B282C /* MTMapPolyline.h */ = {isa = PBXFileReference; fileEncoding = 4; lastKnownFileType = sourcecode.c.h; path = MTMapPolyline.h; sourceTree = "<group>"; };
		A12F4067229A4B8D008B282C /* MTMapLocationMarkerItem.h */ = {isa = PBXFileReference; fileEncoding = 4; lastKnownFileType = sourcecode.c.h; path = MTMapLocationMarkerItem.h; sourceTree = "<group>"; };
		A12F4068229A4B8D008B282C /* MTMapView.h */ = {isa = PBXFileReference; fileEncoding = 4; lastKnownFileType = sourcecode.c.h; path = MTMapView.h; sourceTree = "<group>"; };
		A12F4069229A4B8D008B282C /* MTMapGeometry.h */ = {isa = PBXFileReference; fileEncoding = 4; lastKnownFileType = sourcecode.c.h; path = MTMapGeometry.h; sourceTree = "<group>"; };
		A12F406A229A4B8D008B282C /* MTMapCircle.h */ = {isa = PBXFileReference; fileEncoding = 4; lastKnownFileType = sourcecode.c.h; path = MTMapCircle.h; sourceTree = "<group>"; };
		A12F406B229A4B8D008B282C /* info_box.png */ = {isa = PBXFileReference; lastKnownFileType = image.png; path = info_box.png; sourceTree = "<group>"; };
		A12F406C229A4B8D008B282C /* point_sprite.png */ = {isa = PBXFileReference; lastKnownFileType = image.png; path = point_sprite.png; sourceTree = "<group>"; };
		A12F406D229A4B8D008B282C /* map_pinup_custom.png */ = {isa = PBXFileReference; lastKnownFileType = image.png; path = map_pinup_custom.png; sourceTree = "<group>"; };
		A12F406E229A4B8D008B282C /* info_box_tail.png */ = {isa = PBXFileReference; lastKnownFileType = image.png; path = info_box_tail.png; sourceTree = "<group>"; };
		A12F406F229A4B8D008B282C /* noimage256.png */ = {isa = PBXFileReference; lastKnownFileType = image.png; path = noimage256.png; sourceTree = "<group>"; };
		A12F4070229A4B8D008B282C /* map_present_direction.png */ = {isa = PBXFileReference; lastKnownFileType = image.png; path = map_present_direction.png; sourceTree = "<group>"; };
		A12F4071229A4B8D008B282C /* map_pin.png */ = {isa = PBXFileReference; lastKnownFileType = image.png; path = map_pin.png; sourceTree = "<group>"; };
		A12F4072229A4B8D008B282C /* map_present.png */ = {isa = PBXFileReference; lastKnownFileType = image.png; path = map_present.png; sourceTree = "<group>"; };
		A12F4073229A4B8D008B282C /* noimage.png */ = {isa = PBXFileReference; lastKnownFileType = image.png; path = noimage.png; sourceTree = "<group>"; };
		A12F4074229A4B8D008B282C /* map_present_background_update.png */ = {isa = PBXFileReference; lastKnownFileType = image.png; path = map_present_background_update.png; sourceTree = "<group>"; };
		A12F4075229A4B8D008B282C /* daum_th_line.png */ = {isa = PBXFileReference; lastKnownFileType = image.png; path = daum_th_line.png; sourceTree = "<group>"; };
		A12F4076229A4B8D008B282C /* map_pin_shadow.png */ = {isa = PBXFileReference; lastKnownFileType = image.png; path = map_pin_shadow.png; sourceTree = "<group>"; };
		A12F4077229A4B8D008B282C /* DaumMap.framework */ = {isa = PBXFileReference; lastKnownFileType = wrapper.framework; path = DaumMap.framework; sourceTree = "<group>"; };
		A12F4096229A4C17008B282C /* OpenGLES.framework */ = {isa = PBXFileReference; lastKnownFileType = wrapper.framework; name = OpenGLES.framework; path = System/Library/Frameworks/OpenGLES.framework; sourceTree = SDKROOT; };
		A12F4098229A4C20008B282C /* SystemConfiguration.framework */ = {isa = PBXFileReference; lastKnownFileType = wrapper.framework; name = SystemConfiguration.framework; path = System/Library/Frameworks/SystemConfiguration.framework; sourceTree = SDKROOT; };
		A12F409A229A4C2A008B282C /* CoreLocation.framework */ = {isa = PBXFileReference; lastKnownFileType = wrapper.framework; name = CoreLocation.framework; path = System/Library/Frameworks/CoreLocation.framework; sourceTree = SDKROOT; };
		A12F409C229A4C32008B282C /* QuartzCore.framework */ = {isa = PBXFileReference; lastKnownFileType = wrapper.framework; name = QuartzCore.framework; path = System/Library/Frameworks/QuartzCore.framework; sourceTree = SDKROOT; };
		A12F409E229A4C3C008B282C /* libc++.tbd */ = {isa = PBXFileReference; lastKnownFileType = "sourcecode.text-based-dylib-definition"; name = "libc++.tbd"; path = "usr/lib/libc++.tbd"; sourceTree = SDKROOT; };
		A12F40A0229A4C45008B282C /* libxml2.tbd */ = {isa = PBXFileReference; lastKnownFileType = "sourcecode.text-based-dylib-definition"; name = libxml2.tbd; path = usr/lib/libxml2.tbd; sourceTree = SDKROOT; };
		A12F40A2229A4C55008B282C /* libsqlite3.tbd */ = {isa = PBXFileReference; lastKnownFileType = "sourcecode.text-based-dylib-definition"; name = libsqlite3.tbd; path = usr/lib/libsqlite3.tbd; sourceTree = SDKROOT; };
		A12F40A5229A4F35008B282C /* KakaoMap_Sample-Bridging-Header.h */ = {isa = PBXFileReference; lastKnownFileType = sourcecode.c.h; path = "KakaoMap_Sample-Bridging-Header.h"; sourceTree = "<group>"; };
		A12F40AB229A6EF7008B282C /* Place.swift */ = {isa = PBXFileReference; lastKnownFileType = sourcecode.swift; path = Place.swift; sourceTree = "<group>"; };
		A12F40AE229A70CA008B282C /* UseCaseProvider.swift */ = {isa = PBXFileReference; lastKnownFileType = sourcecode.swift; path = UseCaseProvider.swift; sourceTree = "<group>"; };
		A12F40B0229A717B008B282C /* FindPlaceUseCase.swift */ = {isa = PBXFileReference; lastKnownFileType = sourcecode.swift; path = FindPlaceUseCase.swift; sourceTree = "<group>"; };
		A12F40B4229A74CC008B282C /* FindPlaceService.swift */ = {isa = PBXFileReference; lastKnownFileType = sourcecode.swift; path = FindPlaceService.swift; sourceTree = "<group>"; };
		A12F40B6229A7BF5008B282C /* CategoryCode.swift */ = {isa = PBXFileReference; lastKnownFileType = sourcecode.swift; path = CategoryCode.swift; sourceTree = "<group>"; };
		A12F40B8229A7C4B008B282C /* Position.swift */ = {isa = PBXFileReference; lastKnownFileType = sourcecode.swift; path = Position.swift; sourceTree = "<group>"; };
		A12F40BB229A9722008B282C /* FindPlaceUseCase.swift */ = {isa = PBXFileReference; lastKnownFileType = sourcecode.swift; path = FindPlaceUseCase.swift; sourceTree = "<group>"; };
		A12F40C2229AAC6A008B282C /* Network.swift */ = {isa = PBXFileReference; lastKnownFileType = sourcecode.swift; path = Network.swift; sourceTree = "<group>"; };
		A15B7ABF35F96BC9562DE3CA /* Pods-NetworkPlatform.debug.xcconfig */ = {isa = PBXFileReference; includeInIndex = 1; lastKnownFileType = text.xcconfig; name = "Pods-NetworkPlatform.debug.xcconfig"; path = "Pods/Target Support Files/Pods-NetworkPlatform/Pods-NetworkPlatform.debug.xcconfig"; sourceTree = "<group>"; };
		A1BB8A8C229C47200034D6DB /* UIView+.swift */ = {isa = PBXFileReference; lastKnownFileType = sourcecode.swift; path = "UIView+.swift"; sourceTree = "<group>"; };
		AA06338644513DE7D0A23AD7 /* Pods-NetworkPlatformTests.release.xcconfig */ = {isa = PBXFileReference; includeInIndex = 1; lastKnownFileType = text.xcconfig; name = "Pods-NetworkPlatformTests.release.xcconfig"; path = "Pods/Target Support Files/Pods-NetworkPlatformTests/Pods-NetworkPlatformTests.release.xcconfig"; sourceTree = "<group>"; };
		BF180E228F28ECF1AAD83FC1 /* Pods-KakaoMap_SampleTests.debug.xcconfig */ = {isa = PBXFileReference; includeInIndex = 1; lastKnownFileType = text.xcconfig; name = "Pods-KakaoMap_SampleTests.debug.xcconfig"; path = "Pods/Target Support Files/Pods-KakaoMap_SampleTests/Pods-KakaoMap_SampleTests.debug.xcconfig"; sourceTree = "<group>"; };
		C8A20527720AA9BC83BB858B /* Pods_KakaoMap_SampleUITests.framework */ = {isa = PBXFileReference; explicitFileType = wrapper.framework; includeInIndex = 0; path = Pods_KakaoMap_SampleUITests.framework; sourceTree = BUILT_PRODUCTS_DIR; };
		CCCA508C229BCC6600AC0CCF /* Application.swift */ = {isa = PBXFileReference; lastKnownFileType = sourcecode.swift; path = Application.swift; sourceTree = "<group>"; };
		CCCA508E229BCF7100AC0CCF /* UseCaseProvider.swift */ = {isa = PBXFileReference; lastKnownFileType = sourcecode.swift; path = UseCaseProvider.swift; sourceTree = "<group>"; };
		CCCA5096229BE0C700AC0CCF /* MainNavigator.swift */ = {isa = PBXFileReference; lastKnownFileType = sourcecode.swift; path = MainNavigator.swift; sourceTree = "<group>"; };
		CCCA5099229BEB2B00AC0CCF /* BaseViewController.swift */ = {isa = PBXFileReference; lastKnownFileType = sourcecode.swift; path = BaseViewController.swift; sourceTree = "<group>"; };
		CCCA509D229BF58500AC0CCF /* BaseView.swift */ = {isa = PBXFileReference; lastKnownFileType = sourcecode.swift; path = BaseView.swift; sourceTree = "<group>"; };
		CCCA509F229BF72A00AC0CCF /* MainMapView.swift */ = {isa = PBXFileReference; lastKnownFileType = sourcecode.swift; path = MainMapView.swift; sourceTree = "<group>"; };
		CCCE3E6A229CC887000EE4DC /* MainViewModel.swift */ = {isa = PBXFileReference; lastKnownFileType = sourcecode.swift; path = MainViewModel.swift; sourceTree = "<group>"; };
		CCCE3E6C229CC89D000EE4DC /* ViewModelType.swift */ = {isa = PBXFileReference; lastKnownFileType = sourcecode.swift; path = ViewModelType.swift; sourceTree = "<group>"; };
		CCCE3E6E229CD2E5000EE4DC /* Rx+.swift */ = {isa = PBXFileReference; lastKnownFileType = sourcecode.swift; path = "Rx+.swift"; sourceTree = "<group>"; };
		CCCE3E70229CDE3F000EE4DC /* FindPlaces.swift */ = {isa = PBXFileReference; lastKnownFileType = sourcecode.swift; path = FindPlaces.swift; sourceTree = "<group>"; };
		CCCE3E73229D15AD000EE4DC /* PlaceTableViewCell.swift */ = {isa = PBXFileReference; lastKnownFileType = sourcecode.swift; path = PlaceTableViewCell.swift; sourceTree = "<group>"; };
		CCCE3E75229D1CE9000EE4DC /* PlaceItemViewModel.swift */ = {isa = PBXFileReference; lastKnownFileType = sourcecode.swift; path = PlaceItemViewModel.swift; sourceTree = "<group>"; };
		D149AFEFD4C305C7C589C7CD /* Pods-KakaoMap_SampleTests.release.xcconfig */ = {isa = PBXFileReference; includeInIndex = 1; lastKnownFileType = text.xcconfig; name = "Pods-KakaoMap_SampleTests.release.xcconfig"; path = "Pods/Target Support Files/Pods-KakaoMap_SampleTests/Pods-KakaoMap_SampleTests.release.xcconfig"; sourceTree = "<group>"; };
		DBCCA0F9DF3EBB4CBD416351 /* Pods-KakaoMap_SampleUITests.debug.xcconfig */ = {isa = PBXFileReference; includeInIndex = 1; lastKnownFileType = text.xcconfig; name = "Pods-KakaoMap_SampleUITests.debug.xcconfig"; path = "Pods/Target Support Files/Pods-KakaoMap_SampleUITests/Pods-KakaoMap_SampleUITests.debug.xcconfig"; sourceTree = "<group>"; };
		E6FE01596D26FDFC0B2AD79F /* Pods-KakaoMap_SampleUITests.release.xcconfig */ = {isa = PBXFileReference; includeInIndex = 1; lastKnownFileType = text.xcconfig; name = "Pods-KakaoMap_SampleUITests.release.xcconfig"; path = "Pods/Target Support Files/Pods-KakaoMap_SampleUITests/Pods-KakaoMap_SampleUITests.release.xcconfig"; sourceTree = "<group>"; };
/* End PBXFileReference section */

/* Begin PBXFrameworksBuildPhase section */
		A12D7808229D9A5200AC5C4F /* Frameworks */ = {
			isa = PBXFrameworksBuildPhase;
			buildActionMask = 2147483647;
			files = (
				A12D7857229D9E6800AC5C4F /* Pods_Domain.framework in Frameworks */,
			);
			runOnlyForDeploymentPostprocessing = 0;
		};
		A12D7810229D9A5200AC5C4F /* Frameworks */ = {
			isa = PBXFrameworksBuildPhase;
			buildActionMask = 2147483647;
			files = (
				A12D7814229D9A5200AC5C4F /* Domain.framework in Frameworks */,
				D30B602780331BD9A324E0E1 /* Pods_DomainTests.framework in Frameworks */,
			);
			runOnlyForDeploymentPostprocessing = 0;
		};
		A12D782B229D9A7400AC5C4F /* Frameworks */ = {
			isa = PBXFrameworksBuildPhase;
			buildActionMask = 2147483647;
			files = (
				A12D7859229D9E7700AC5C4F /* Pods_NetworkPlatform.framework in Frameworks */,
				A12D7855229D9E5500AC5C4F /* Domain.framework in Frameworks */,
			);
			runOnlyForDeploymentPostprocessing = 0;
		};
		A12D7833229D9A7400AC5C4F /* Frameworks */ = {
			isa = PBXFrameworksBuildPhase;
			buildActionMask = 2147483647;
			files = (
				A12D7837229D9A7400AC5C4F /* NetworkPlatform.framework in Frameworks */,
				FFC2FAE871824CE76A881C13 /* Pods_NetworkPlatformTests.framework in Frameworks */,
			);
			runOnlyForDeploymentPostprocessing = 0;
		};
		A12F401B229A47D5008B282C /* Frameworks */ = {
			isa = PBXFrameworksBuildPhase;
			buildActionMask = 2147483647;
			files = (
				A12F40A3229A4C55008B282C /* libsqlite3.tbd in Frameworks */,
				A12F40A1229A4C45008B282C /* libxml2.tbd in Frameworks */,
				A12F409F229A4C3C008B282C /* libc++.tbd in Frameworks */,
				A12F409D229A4C32008B282C /* QuartzCore.framework in Frameworks */,
				A12D7843229D9A7400AC5C4F /* NetworkPlatform.framework in Frameworks */,
				A12F409B229A4C2A008B282C /* CoreLocation.framework in Frameworks */,
				A12F4099229A4C20008B282C /* SystemConfiguration.framework in Frameworks */,
				A12D7820229D9A5200AC5C4F /* Domain.framework in Frameworks */,
				A12F4094229A4B8D008B282C /* DaumMap.framework in Frameworks */,
				A12F4097229A4C17008B282C /* OpenGLES.framework in Frameworks */,
				A12F4083229A4B8D008B282C /* DaumMap in Frameworks */,
				5DD04470C6579273C4C2B374 /* Pods_KakaoMap_Sample.framework in Frameworks */,
			);
			runOnlyForDeploymentPostprocessing = 0;
		};
		A12F402F229A47D6008B282C /* Frameworks */ = {
			isa = PBXFrameworksBuildPhase;
			buildActionMask = 2147483647;
			files = (
				1D53D0401AFBF1F3BB4E66E1 /* Pods_KakaoMap_SampleTests.framework in Frameworks */,
			);
			runOnlyForDeploymentPostprocessing = 0;
		};
		A12F403A229A47D6008B282C /* Frameworks */ = {
			isa = PBXFrameworksBuildPhase;
			buildActionMask = 2147483647;
			files = (
				ED825AF100B568645C870D5C /* Pods_KakaoMap_SampleUITests.framework in Frameworks */,
			);
			runOnlyForDeploymentPostprocessing = 0;
		};
/* End PBXFrameworksBuildPhase section */

/* Begin PBXGroup section */
		0E4F2C9A1B63AF9E87252656 /* Pods */ = {
			isa = PBXGroup;
			children = (
				02F573F15743992E07739DE7 /* Pods-KakaoMap_Sample.debug.xcconfig */,
				4C1B5F7623DD53556A316A7A /* Pods-KakaoMap_Sample.release.xcconfig */,
				BF180E228F28ECF1AAD83FC1 /* Pods-KakaoMap_SampleTests.debug.xcconfig */,
				D149AFEFD4C305C7C589C7CD /* Pods-KakaoMap_SampleTests.release.xcconfig */,
				DBCCA0F9DF3EBB4CBD416351 /* Pods-KakaoMap_SampleUITests.debug.xcconfig */,
				E6FE01596D26FDFC0B2AD79F /* Pods-KakaoMap_SampleUITests.release.xcconfig */,
				854F7541E0842CA627C47319 /* Pods-Domain.debug.xcconfig */,
				0F3813177C0DBE12ED03972C /* Pods-Domain.release.xcconfig */,
				7E681B6466475BCDAD11CD96 /* Pods-DomainTests.debug.xcconfig */,
				61D782C7A4E31EF0513A93EA /* Pods-DomainTests.release.xcconfig */,
				A15B7ABF35F96BC9562DE3CA /* Pods-NetworkPlatform.debug.xcconfig */,
				95050DE1046E545C39B2C49B /* Pods-NetworkPlatform.release.xcconfig */,
				0D725BFA810614D58C35FF7A /* Pods-NetworkPlatformTests.debug.xcconfig */,
				AA06338644513DE7D0A23AD7 /* Pods-NetworkPlatformTests.release.xcconfig */,
			);
			name = Pods;
			sourceTree = "<group>";
		};
		A12D780C229D9A5200AC5C4F /* Domain */ = {
			isa = PBXGroup;
			children = (
				A12F40AD229A70B1008B282C /* UseCases */,
				A12F40AA229A6ED2008B282C /* Entries */,
				A12D780D229D9A5200AC5C4F /* Domain.h */,
				A12D780E229D9A5200AC5C4F /* Info.plist */,
			);
			path = Domain;
			sourceTree = "<group>";
		};
		A12D7819229D9A5200AC5C4F /* DomainTests */ = {
			isa = PBXGroup;
			children = (
				A12D781A229D9A5200AC5C4F /* DomainTests.swift */,
				A12D781C229D9A5200AC5C4F /* Info.plist */,
			);
			path = DomainTests;
			sourceTree = "<group>";
		};
		A12D782F229D9A7400AC5C4F /* NetworkPlatform */ = {
			isa = PBXGroup;
			children = (
				A12F40BD229AA222008B282C /* Network */,
				A12D7830229D9A7400AC5C4F /* NetworkPlatform.h */,
				A12D7831229D9A7400AC5C4F /* Info.plist */,
			);
			path = NetworkPlatform;
			sourceTree = "<group>";
		};
		A12D783C229D9A7400AC5C4F /* NetworkPlatformTests */ = {
			isa = PBXGroup;
			children = (
				A12D783D229D9A7400AC5C4F /* NetworkPlatformTests.swift */,
				A12D783F229D9A7400AC5C4F /* Info.plist */,
			);
			path = NetworkPlatformTests;
			sourceTree = "<group>";
		};
		A12D785C229DA8CA00AC5C4F /* Protocol */ = {
			isa = PBXGroup;
			children = (
				A12D785D229DA8DE00AC5C4F /* CanShowAlert.swift */,
			);
			path = Protocol;
			sourceTree = "<group>";
		};
		A12F4015229A47D5008B282C = {
			isa = PBXGroup;
			children = (
				A12F4020229A47D5008B282C /* KakaoMap_Sample */,
				A12F4035229A47D6008B282C /* KakaoMap_SampleTests */,
				A12F4040229A47D6008B282C /* KakaoMap_SampleUITests */,
				A12D780C229D9A5200AC5C4F /* Domain */,
				A12D7819229D9A5200AC5C4F /* DomainTests */,
				A12D782F229D9A7400AC5C4F /* NetworkPlatform */,
				A12D783C229D9A7400AC5C4F /* NetworkPlatformTests */,
				A12F401F229A47D5008B282C /* Products */,
				A12F4095229A4C16008B282C /* Frameworks */,
				0E4F2C9A1B63AF9E87252656 /* Pods */,
			);
			sourceTree = "<group>";
		};
		A12F401F229A47D5008B282C /* Products */ = {
			isa = PBXGroup;
			children = (
				A12F401E229A47D5008B282C /* KakaoMap_Sample.app */,
				A12F4032229A47D6008B282C /* KakaoMap_SampleTests.xctest */,
				A12F403D229A47D6008B282C /* KakaoMap_SampleUITests.xctest */,
				A12D780B229D9A5200AC5C4F /* Domain.framework */,
				A12D7813229D9A5200AC5C4F /* DomainTests.xctest */,
				A12D782E229D9A7400AC5C4F /* NetworkPlatform.framework */,
				A12D7836229D9A7400AC5C4F /* NetworkPlatformTests.xctest */,
			);
			name = Products;
			sourceTree = "<group>";
		};
		A12F4020229A47D5008B282C /* KakaoMap_Sample */ = {
			isa = PBXGroup;
			children = (
				CCCA508B229BAB6E00AC0CCF /* Application */,
				A12F40A4229A4EFA008B282C /* Support */,
				A12F4021229A47D5008B282C /* AppDelegate.swift */,
				A12F4028229A47D6008B282C /* Assets.xcassets */,
				A12F402A229A47D6008B282C /* LaunchScreen.storyboard */,
				A12F402D229A47D6008B282C /* Info.plist */,
			);
			path = KakaoMap_Sample;
			sourceTree = "<group>";
		};
		A12F4035229A47D6008B282C /* KakaoMap_SampleTests */ = {
			isa = PBXGroup;
			children = (
				A12F4036229A47D6008B282C /* KakaoMap_SampleTests.swift */,
				A12F4038229A47D6008B282C /* Info.plist */,
			);
			path = KakaoMap_SampleTests;
			sourceTree = "<group>";
		};
		A12F4040229A47D6008B282C /* KakaoMap_SampleUITests */ = {
			isa = PBXGroup;
			children = (
				A12F4041229A47D6008B282C /* KakaoMap_SampleUITests.swift */,
				A12F4043229A47D6008B282C /* Info.plist */,
			);
			path = KakaoMap_SampleUITests;
			sourceTree = "<group>";
		};
		A12F4050229A4B8D008B282C /* DaumMap.embeddedframework */ = {
			isa = PBXGroup;
			children = (
				A12F4051229A4B8D008B282C /* Resources */,
				A12F4077229A4B8D008B282C /* DaumMap.framework */,
			);
			path = DaumMap.embeddedframework;
			sourceTree = "<group>";
		};
		A12F4051229A4B8D008B282C /* Resources */ = {
			isa = PBXGroup;
			children = (
				A12F4052229A4B8D008B282C /* map_pinup_custom@3x.png */,
				A12F4053229A4B8D008B282C /* map_pin_custom.png */,
				A12F4054229A4B8D008B282C /* shadow_balloon.png */,
				A12F4055229A4B8D008B282C /* map_pinup.png */,
				A12F4056229A4B8D008B282C /* detail_button.png */,
				A12F4057229A4B8D008B282C /* map_pin_custom@3x.png */,
				A12F4058229A4B8D008B282C /* map_pinup@3x.png */,
				A12F4059229A4B8D008B282C /* map_pin_shadow@3x.png */,
				A12F405A229A4B8D008B282C /* copyright.png */,
				A12F405B229A4B8D008B282C /* th_line.png */,
				A12F405C229A4B8D008B282C /* map_pin_red@3x.png */,
				A12F405D229A4B8D008B282C /* DaumMap */,
				A12F405E229A4B8D008B282C /* daum_copyright.png */,
				A12F405F229A4B8D008B282C /* map_pin@3x.png */,
				A12F4060229A4B8D008B282C /* map_present_tracking.png */,
				A12F4061229A4B8D008B282C /* map_pin_red.png */,
				A12F4062229A4B8D008B282C /* Headers */,
				A12F406B229A4B8D008B282C /* info_box.png */,
				A12F406C229A4B8D008B282C /* point_sprite.png */,
				A12F406D229A4B8D008B282C /* map_pinup_custom.png */,
				A12F406E229A4B8D008B282C /* info_box_tail.png */,
				A12F406F229A4B8D008B282C /* noimage256.png */,
				A12F4070229A4B8D008B282C /* map_present_direction.png */,
				A12F4071229A4B8D008B282C /* map_pin.png */,
				A12F4072229A4B8D008B282C /* map_present.png */,
				A12F4073229A4B8D008B282C /* noimage.png */,
				A12F4074229A4B8D008B282C /* map_present_background_update.png */,
				A12F4075229A4B8D008B282C /* daum_th_line.png */,
				A12F4076229A4B8D008B282C /* map_pin_shadow.png */,
			);
			path = Resources;
			sourceTree = "<group>";
		};
		A12F4062229A4B8D008B282C /* Headers */ = {
			isa = PBXGroup;
			children = (
				A12F4063229A4B8D008B282C /* MTMapPOIItem.h */,
				A12F4064229A4B8D008B282C /* MTMapCameraUpdate.h */,
				A12F4065229A4B8D008B282C /* MTMapReverseGeoCoder.h */,
				A12F4066229A4B8D008B282C /* MTMapPolyline.h */,
				A12F4067229A4B8D008B282C /* MTMapLocationMarkerItem.h */,
				A12F4068229A4B8D008B282C /* MTMapView.h */,
				A12F4069229A4B8D008B282C /* MTMapGeometry.h */,
				A12F406A229A4B8D008B282C /* MTMapCircle.h */,
			);
			path = Headers;
			sourceTree = "<group>";
		};
		A12F4095229A4C16008B282C /* Frameworks */ = {
			isa = PBXGroup;
			children = (
				A12D7858229D9E7700AC5C4F /* Pods_NetworkPlatform.framework */,
				A12D7856229D9E6800AC5C4F /* Pods_Domain.framework */,
				A12F40A2229A4C55008B282C /* libsqlite3.tbd */,
				A12F40A0229A4C45008B282C /* libxml2.tbd */,
				A12F409E229A4C3C008B282C /* libc++.tbd */,
				A12F4050229A4B8D008B282C /* DaumMap.embeddedframework */,
				A12F409C229A4C32008B282C /* QuartzCore.framework */,
				A12F409A229A4C2A008B282C /* CoreLocation.framework */,
				A12F4098229A4C20008B282C /* SystemConfiguration.framework */,
				A12F4096229A4C17008B282C /* OpenGLES.framework */,
				3F43455B63764F169D2B3092 /* Pods_KakaoMap_Sample.framework */,
				85DDB779A01EC7302F0C0ABF /* Pods_KakaoMap_SampleTests.framework */,
				C8A20527720AA9BC83BB858B /* Pods_KakaoMap_SampleUITests.framework */,
				6707354371D67C9AB88FB0E0 /* Pods_DomainTests.framework */,
				9D1771453ED3E85C65E04D61 /* Pods_NetworkPlatformTests.framework */,
			);
			name = Frameworks;
			sourceTree = "<group>";
		};
		A12F40A4229A4EFA008B282C /* Support */ = {
			isa = PBXGroup;
			children = (
				A12F40A5229A4F35008B282C /* KakaoMap_Sample-Bridging-Header.h */,
			);
			path = Support;
			sourceTree = "<group>";
		};
		A12F40AA229A6ED2008B282C /* Entries */ = {
			isa = PBXGroup;
			children = (
				CCCE3E70229CDE3F000EE4DC /* FindPlaces.swift */,
				A12F40AB229A6EF7008B282C /* Place.swift */,
				A12F40B6229A7BF5008B282C /* CategoryCode.swift */,
				A12F40B8229A7C4B008B282C /* Position.swift */,
			);
			path = Entries;
			sourceTree = "<group>";
		};
		A12F40AD229A70B1008B282C /* UseCases */ = {
			isa = PBXGroup;
			children = (
				A12F40AE229A70CA008B282C /* UseCaseProvider.swift */,
				A12F40B0229A717B008B282C /* FindPlaceUseCase.swift */,
			);
			path = UseCases;
			sourceTree = "<group>";
		};
		A12F40B3229A7424008B282C /* Services */ = {
			isa = PBXGroup;
			children = (
				A12F40B4229A74CC008B282C /* FindPlaceService.swift */,
			);
			path = Services;
			sourceTree = "<group>";
		};
		A12F40BA229A970A008B282C /* UseCases */ = {
			isa = PBXGroup;
			children = (
				A12F40BB229A9722008B282C /* FindPlaceUseCase.swift */,
				CCCA508E229BCF7100AC0CCF /* UseCaseProvider.swift */,
			);
			path = UseCases;
			sourceTree = "<group>";
		};
		A12F40BD229AA222008B282C /* Network */ = {
			isa = PBXGroup;
			children = (
				A12F40C2229AAC6A008B282C /* Network.swift */,
				A12F40BA229A970A008B282C /* UseCases */,
				A12F40B3229A7424008B282C /* Services */,
			);
			path = Network;
			sourceTree = "<group>";
		};
		A1BB8A8B229C47160034D6DB /* Extension */ = {
			isa = PBXGroup;
			children = (
				A1BB8A8C229C47200034D6DB /* UIView+.swift */,
				CCCE3E6E229CD2E5000EE4DC /* Rx+.swift */,
			);
			path = Extension;
			sourceTree = "<group>";
		};
		CCCA508B229BAB6E00AC0CCF /* Application */ = {
			isa = PBXGroup;
			children = (
				CCCA508C229BCC6600AC0CCF /* Application.swift */,
				CCCA5098229BEB1600AC0CCF /* Common */,
				CCCA5093229BE08D00AC0CCF /* Scenes */,
			);
			path = Application;
			sourceTree = "<group>";
		};
		CCCA5093229BE08D00AC0CCF /* Scenes */ = {
			isa = PBXGroup;
			children = (
				CCCE3E69229CC7D9000EE4DC /* ViewModel */,
				CCCA50A1229BF86700AC0CCF /* VIewControllers */,
				CCCA509B229BF56000AC0CCF /* Views */,
				CCCE3E72229D1555000EE4DC /* Cell */,
			);
			path = Scenes;
			sourceTree = "<group>";
		};
		CCCA5098229BEB1600AC0CCF /* Common */ = {
			isa = PBXGroup;
			children = (
				A12D785C229DA8CA00AC5C4F /* Protocol */,
				A1BB8A8B229C47160034D6DB /* Extension */,
				CCCA509C229BF56B00AC0CCF /* Base */,
			);
			path = Common;
			sourceTree = "<group>";
		};
		CCCA509B229BF56000AC0CCF /* Views */ = {
			isa = PBXGroup;
			children = (
				CCCA509F229BF72A00AC0CCF /* MainMapView.swift */,
				CCCE3E75229D1CE9000EE4DC /* PlaceItemViewModel.swift */,
			);
			path = Views;
			sourceTree = "<group>";
		};
		CCCA509C229BF56B00AC0CCF /* Base */ = {
			isa = PBXGroup;
			children = (
				CCCA5099229BEB2B00AC0CCF /* BaseViewController.swift */,
				CCCA509D229BF58500AC0CCF /* BaseView.swift */,
				CCCE3E6C229CC89D000EE4DC /* ViewModelType.swift */,
			);
			path = Base;
			sourceTree = "<group>";
		};
		CCCA50A1229BF86700AC0CCF /* VIewControllers */ = {
			isa = PBXGroup;
			children = (
				CCCA5096229BE0C700AC0CCF /* MainNavigator.swift */,
				A12F4023229A47D5008B282C /* MainViewController.swift */,
			);
			path = VIewControllers;
			sourceTree = "<group>";
		};
		CCCE3E69229CC7D9000EE4DC /* ViewModel */ = {
			isa = PBXGroup;
			children = (
				CCCE3E6A229CC887000EE4DC /* MainViewModel.swift */,
			);
			path = ViewModel;
			sourceTree = "<group>";
		};
		CCCE3E72229D1555000EE4DC /* Cell */ = {
			isa = PBXGroup;
			children = (
				CCCE3E73229D15AD000EE4DC /* PlaceTableViewCell.swift */,
			);
			path = Cell;
			sourceTree = "<group>";
		};
/* End PBXGroup section */

/* Begin PBXHeadersBuildPhase section */
		A12D7806229D9A5200AC5C4F /* Headers */ = {
			isa = PBXHeadersBuildPhase;
			buildActionMask = 2147483647;
			files = (
				A12D781D229D9A5200AC5C4F /* Domain.h in Headers */,
			);
			runOnlyForDeploymentPostprocessing = 0;
		};
		A12D7829229D9A7400AC5C4F /* Headers */ = {
			isa = PBXHeadersBuildPhase;
			buildActionMask = 2147483647;
			files = (
				A12D7840229D9A7400AC5C4F /* NetworkPlatform.h in Headers */,
			);
			runOnlyForDeploymentPostprocessing = 0;
		};
/* End PBXHeadersBuildPhase section */

/* Begin PBXNativeTarget section */
		A12D780A229D9A5200AC5C4F /* Domain */ = {
			isa = PBXNativeTarget;
			buildConfigurationList = A12D7822229D9A5200AC5C4F /* Build configuration list for PBXNativeTarget "Domain" */;
			buildPhases = (
				F0DA31BD27D6619A185EAED4 /* [CP] Check Pods Manifest.lock */,
				A12D7806229D9A5200AC5C4F /* Headers */,
				A12D7807229D9A5200AC5C4F /* Sources */,
				A12D7808229D9A5200AC5C4F /* Frameworks */,
				A12D7809229D9A5200AC5C4F /* Resources */,
			);
			buildRules = (
			);
			dependencies = (
			);
			name = Domain;
			productName = Domain;
			productReference = A12D780B229D9A5200AC5C4F /* Domain.framework */;
			productType = "com.apple.product-type.framework";
		};
		A12D7812229D9A5200AC5C4F /* DomainTests */ = {
			isa = PBXNativeTarget;
			buildConfigurationList = A12D7826229D9A5200AC5C4F /* Build configuration list for PBXNativeTarget "DomainTests" */;
			buildPhases = (
				468A29B714C6D5D04B5723CE /* [CP] Check Pods Manifest.lock */,
				A12D780F229D9A5200AC5C4F /* Sources */,
				A12D7810229D9A5200AC5C4F /* Frameworks */,
				A12D7811229D9A5200AC5C4F /* Resources */,
			);
			buildRules = (
			);
			dependencies = (
				A12D7816229D9A5200AC5C4F /* PBXTargetDependency */,
				A12D7818229D9A5200AC5C4F /* PBXTargetDependency */,
			);
			name = DomainTests;
			productName = DomainTests;
			productReference = A12D7813229D9A5200AC5C4F /* DomainTests.xctest */;
			productType = "com.apple.product-type.bundle.unit-test";
		};
		A12D782D229D9A7400AC5C4F /* NetworkPlatform */ = {
			isa = PBXNativeTarget;
			buildConfigurationList = A12D7845229D9A7400AC5C4F /* Build configuration list for PBXNativeTarget "NetworkPlatform" */;
			buildPhases = (
				A87BFE2C83228ACAD7C3C76D /* [CP] Check Pods Manifest.lock */,
				A12D7829229D9A7400AC5C4F /* Headers */,
				A12D782A229D9A7400AC5C4F /* Sources */,
				A12D782B229D9A7400AC5C4F /* Frameworks */,
				A12D782C229D9A7400AC5C4F /* Resources */,
			);
			buildRules = (
			);
			dependencies = (
			);
			name = NetworkPlatform;
			productName = NetworkPlatform;
			productReference = A12D782E229D9A7400AC5C4F /* NetworkPlatform.framework */;
			productType = "com.apple.product-type.framework";
		};
		A12D7835229D9A7400AC5C4F /* NetworkPlatformTests */ = {
			isa = PBXNativeTarget;
			buildConfigurationList = A12D7848229D9A7400AC5C4F /* Build configuration list for PBXNativeTarget "NetworkPlatformTests" */;
			buildPhases = (
				602F3F35BBE140D8A146BA28 /* [CP] Check Pods Manifest.lock */,
				A12D7832229D9A7400AC5C4F /* Sources */,
				A12D7833229D9A7400AC5C4F /* Frameworks */,
				A12D7834229D9A7400AC5C4F /* Resources */,
			);
			buildRules = (
			);
			dependencies = (
				A12D7839229D9A7400AC5C4F /* PBXTargetDependency */,
				A12D783B229D9A7400AC5C4F /* PBXTargetDependency */,
			);
			name = NetworkPlatformTests;
			productName = NetworkPlatformTests;
			productReference = A12D7836229D9A7400AC5C4F /* NetworkPlatformTests.xctest */;
			productType = "com.apple.product-type.bundle.unit-test";
		};
		A12F401D229A47D5008B282C /* KakaoMap_Sample */ = {
			isa = PBXNativeTarget;
			buildConfigurationList = A12F4046229A47D6008B282C /* Build configuration list for PBXNativeTarget "KakaoMap_Sample" */;
			buildPhases = (
				D47D26F222880186738620DA /* [CP] Check Pods Manifest.lock */,
				A12F401A229A47D5008B282C /* Sources */,
				A12F401B229A47D5008B282C /* Frameworks */,
				A12F401C229A47D5008B282C /* Resources */,
				2A6107049985C080D58DD649 /* [CP] Embed Pods Frameworks */,
				A12D7825229D9A5200AC5C4F /* Embed Frameworks */,
			);
			buildRules = (
			);
			dependencies = (
				A12D781F229D9A5200AC5C4F /* PBXTargetDependency */,
				A12D7842229D9A7400AC5C4F /* PBXTargetDependency */,
			);
			name = KakaoMap_Sample;
			productName = KakaoMap_Sample;
			productReference = A12F401E229A47D5008B282C /* KakaoMap_Sample.app */;
			productType = "com.apple.product-type.application";
		};
		A12F4031229A47D6008B282C /* KakaoMap_SampleTests */ = {
			isa = PBXNativeTarget;
			buildConfigurationList = A12F4049229A47D6008B282C /* Build configuration list for PBXNativeTarget "KakaoMap_SampleTests" */;
			buildPhases = (
				286349BBEA640AE40CD5AF73 /* [CP] Check Pods Manifest.lock */,
				A12F402E229A47D6008B282C /* Sources */,
				A12F402F229A47D6008B282C /* Frameworks */,
				A12F4030229A47D6008B282C /* Resources */,
			);
			buildRules = (
			);
			dependencies = (
				A12F4034229A47D6008B282C /* PBXTargetDependency */,
			);
			name = KakaoMap_SampleTests;
			productName = KakaoMap_SampleTests;
			productReference = A12F4032229A47D6008B282C /* KakaoMap_SampleTests.xctest */;
			productType = "com.apple.product-type.bundle.unit-test";
		};
		A12F403C229A47D6008B282C /* KakaoMap_SampleUITests */ = {
			isa = PBXNativeTarget;
			buildConfigurationList = A12F404C229A47D6008B282C /* Build configuration list for PBXNativeTarget "KakaoMap_SampleUITests" */;
			buildPhases = (
				C0197D4B4B6D5645B8D4957B /* [CP] Check Pods Manifest.lock */,
				A12F4039229A47D6008B282C /* Sources */,
				A12F403A229A47D6008B282C /* Frameworks */,
				A12F403B229A47D6008B282C /* Resources */,
			);
			buildRules = (
			);
			dependencies = (
				A12F403F229A47D6008B282C /* PBXTargetDependency */,
			);
			name = KakaoMap_SampleUITests;
			productName = KakaoMap_SampleUITests;
			productReference = A12F403D229A47D6008B282C /* KakaoMap_SampleUITests.xctest */;
			productType = "com.apple.product-type.bundle.ui-testing";
		};
/* End PBXNativeTarget section */

/* Begin PBXProject section */
		A12F4016229A47D5008B282C /* Project object */ = {
			isa = PBXProject;
			attributes = {
				LastSwiftUpdateCheck = 1020;
				LastUpgradeCheck = 1020;
				ORGANIZATIONNAME = JHH;
				TargetAttributes = {
					A12D780A229D9A5200AC5C4F = {
						CreatedOnToolsVersion = 10.2.1;
					};
					A12D7812229D9A5200AC5C4F = {
						CreatedOnToolsVersion = 10.2.1;
						TestTargetID = A12F401D229A47D5008B282C;
					};
					A12D782D229D9A7400AC5C4F = {
						CreatedOnToolsVersion = 10.2.1;
					};
					A12D7835229D9A7400AC5C4F = {
						CreatedOnToolsVersion = 10.2.1;
						TestTargetID = A12F401D229A47D5008B282C;
					};
					A12F401D229A47D5008B282C = {
						CreatedOnToolsVersion = 10.2.1;
						LastSwiftMigration = 1020;
					};
					A12F4031229A47D6008B282C = {
						CreatedOnToolsVersion = 10.2.1;
						TestTargetID = A12F401D229A47D5008B282C;
					};
					A12F403C229A47D6008B282C = {
						CreatedOnToolsVersion = 10.2.1;
						TestTargetID = A12F401D229A47D5008B282C;
					};
				};
			};
			buildConfigurationList = A12F4019229A47D5008B282C /* Build configuration list for PBXProject "KakaoMap_Sample" */;
			compatibilityVersion = "Xcode 9.3";
			developmentRegion = en;
			hasScannedForEncodings = 0;
			knownRegions = (
				en,
				Base,
			);
			mainGroup = A12F4015229A47D5008B282C;
			productRefGroup = A12F401F229A47D5008B282C /* Products */;
			projectDirPath = "";
			projectRoot = "";
			targets = (
				A12F401D229A47D5008B282C /* KakaoMap_Sample */,
				A12F4031229A47D6008B282C /* KakaoMap_SampleTests */,
				A12F403C229A47D6008B282C /* KakaoMap_SampleUITests */,
				A12D780A229D9A5200AC5C4F /* Domain */,
				A12D7812229D9A5200AC5C4F /* DomainTests */,
				A12D782D229D9A7400AC5C4F /* NetworkPlatform */,
				A12D7835229D9A7400AC5C4F /* NetworkPlatformTests */,
			);
		};
/* End PBXProject section */

/* Begin PBXResourcesBuildPhase section */
		A12D7809229D9A5200AC5C4F /* Resources */ = {
			isa = PBXResourcesBuildPhase;
			buildActionMask = 2147483647;
			files = (
			);
			runOnlyForDeploymentPostprocessing = 0;
		};
		A12D7811229D9A5200AC5C4F /* Resources */ = {
			isa = PBXResourcesBuildPhase;
			buildActionMask = 2147483647;
			files = (
			);
			runOnlyForDeploymentPostprocessing = 0;
		};
		A12D782C229D9A7400AC5C4F /* Resources */ = {
			isa = PBXResourcesBuildPhase;
			buildActionMask = 2147483647;
			files = (
			);
			runOnlyForDeploymentPostprocessing = 0;
		};
		A12D7834229D9A7400AC5C4F /* Resources */ = {
			isa = PBXResourcesBuildPhase;
			buildActionMask = 2147483647;
			files = (
			);
			runOnlyForDeploymentPostprocessing = 0;
		};
		A12F401C229A47D5008B282C /* Resources */ = {
			isa = PBXResourcesBuildPhase;
			buildActionMask = 2147483647;
			files = (
				A12F408F229A4B8D008B282C /* map_present.png in Resources */,
				A12F4085229A4B8D008B282C /* map_pin@3x.png in Resources */,
				A12F4082229A4B8D008B282C /* map_pin_red@3x.png in Resources */,
				A12F408E229A4B8D008B282C /* map_pin.png in Resources */,
				A12F4087229A4B8D008B282C /* map_pin_red.png in Resources */,
				A12F4078229A4B8D008B282C /* map_pinup_custom@3x.png in Resources */,
				A12F4080229A4B8D008B282C /* copyright.png in Resources */,
				A12F407F229A4B8D008B282C /* map_pin_shadow@3x.png in Resources */,
				A12F402C229A47D6008B282C /* LaunchScreen.storyboard in Resources */,
				A12F4084229A4B8D008B282C /* daum_copyright.png in Resources */,
				A12F4088229A4B8D008B282C /* info_box.png in Resources */,
				A12F407D229A4B8D008B282C /* map_pin_custom@3x.png in Resources */,
				A12F4093229A4B8D008B282C /* map_pin_shadow.png in Resources */,
				A12F4086229A4B8D008B282C /* map_present_tracking.png in Resources */,
				A12F407C229A4B8D008B282C /* detail_button.png in Resources */,
				A12F4090229A4B8D008B282C /* noimage.png in Resources */,
				A12F4081229A4B8D008B282C /* th_line.png in Resources */,
				A12F408B229A4B8D008B282C /* info_box_tail.png in Resources */,
				A12F4079229A4B8D008B282C /* map_pin_custom.png in Resources */,
				A12F408A229A4B8D008B282C /* map_pinup_custom.png in Resources */,
				A12F407E229A4B8D008B282C /* map_pinup@3x.png in Resources */,
				A12F4089229A4B8D008B282C /* point_sprite.png in Resources */,
				A12F4091229A4B8D008B282C /* map_present_background_update.png in Resources */,
				A12F408D229A4B8D008B282C /* map_present_direction.png in Resources */,
				A12F408C229A4B8D008B282C /* noimage256.png in Resources */,
				A12F407A229A4B8D008B282C /* shadow_balloon.png in Resources */,
				A12F4029229A47D6008B282C /* Assets.xcassets in Resources */,
				A12F4092229A4B8D008B282C /* daum_th_line.png in Resources */,
				A12F407B229A4B8D008B282C /* map_pinup.png in Resources */,
			);
			runOnlyForDeploymentPostprocessing = 0;
		};
		A12F4030229A47D6008B282C /* Resources */ = {
			isa = PBXResourcesBuildPhase;
			buildActionMask = 2147483647;
			files = (
			);
			runOnlyForDeploymentPostprocessing = 0;
		};
		A12F403B229A47D6008B282C /* Resources */ = {
			isa = PBXResourcesBuildPhase;
			buildActionMask = 2147483647;
			files = (
			);
			runOnlyForDeploymentPostprocessing = 0;
		};
/* End PBXResourcesBuildPhase section */

/* Begin PBXShellScriptBuildPhase section */
		286349BBEA640AE40CD5AF73 /* [CP] Check Pods Manifest.lock */ = {
			isa = PBXShellScriptBuildPhase;
			buildActionMask = 2147483647;
			files = (
			);
			inputPaths = (
				"${PODS_PODFILE_DIR_PATH}/Podfile.lock",
				"${PODS_ROOT}/Manifest.lock",
			);
			name = "[CP] Check Pods Manifest.lock";
			outputPaths = (
				"$(DERIVED_FILE_DIR)/Pods-KakaoMap_SampleTests-checkManifestLockResult.txt",
			);
			runOnlyForDeploymentPostprocessing = 0;
			shellPath = /bin/sh;
			shellScript = "diff \"${PODS_PODFILE_DIR_PATH}/Podfile.lock\" \"${PODS_ROOT}/Manifest.lock\" > /dev/null\nif [ $? != 0 ] ; then\n    # print error to STDERR\n    echo \"error: The sandbox is not in sync with the Podfile.lock. Run 'pod install' or update your CocoaPods installation.\" >&2\n    exit 1\nfi\n# This output is used by Xcode 'outputs' to avoid re-running this script phase.\necho \"SUCCESS\" > \"${SCRIPT_OUTPUT_FILE_0}\"\n";
			showEnvVarsInLog = 0;
		};
		2A6107049985C080D58DD649 /* [CP] Embed Pods Frameworks */ = {
			isa = PBXShellScriptBuildPhase;
			buildActionMask = 2147483647;
			files = (
			);
			inputPaths = (
				"${PODS_ROOT}/Target Support Files/Pods-KakaoMap_Sample/Pods-KakaoMap_Sample-frameworks.sh",
				"${BUILT_PRODUCTS_DIR}/Alamofire/Alamofire.framework",
				"${BUILT_PRODUCTS_DIR}/RxCocoa/RxCocoa.framework",
				"${BUILT_PRODUCTS_DIR}/RxRelay/RxRelay.framework",
				"${BUILT_PRODUCTS_DIR}/RxSwift/RxSwift.framework",
				"${BUILT_PRODUCTS_DIR}/SnapKit/SnapKit.framework",
			);
			name = "[CP] Embed Pods Frameworks";
			outputPaths = (
				"${TARGET_BUILD_DIR}/${FRAMEWORKS_FOLDER_PATH}/Alamofire.framework",
				"${TARGET_BUILD_DIR}/${FRAMEWORKS_FOLDER_PATH}/RxCocoa.framework",
				"${TARGET_BUILD_DIR}/${FRAMEWORKS_FOLDER_PATH}/RxRelay.framework",
				"${TARGET_BUILD_DIR}/${FRAMEWORKS_FOLDER_PATH}/RxSwift.framework",
				"${TARGET_BUILD_DIR}/${FRAMEWORKS_FOLDER_PATH}/SnapKit.framework",
			);
			runOnlyForDeploymentPostprocessing = 0;
			shellPath = /bin/sh;
			shellScript = "\"${PODS_ROOT}/Target Support Files/Pods-KakaoMap_Sample/Pods-KakaoMap_Sample-frameworks.sh\"\n";
			showEnvVarsInLog = 0;
		};
		468A29B714C6D5D04B5723CE /* [CP] Check Pods Manifest.lock */ = {
			isa = PBXShellScriptBuildPhase;
			buildActionMask = 2147483647;
			files = (
			);
			inputPaths = (
				"${PODS_PODFILE_DIR_PATH}/Podfile.lock",
				"${PODS_ROOT}/Manifest.lock",
			);
			name = "[CP] Check Pods Manifest.lock";
			outputPaths = (
				"$(DERIVED_FILE_DIR)/Pods-DomainTests-checkManifestLockResult.txt",
			);
			runOnlyForDeploymentPostprocessing = 0;
			shellPath = /bin/sh;
			shellScript = "diff \"${PODS_PODFILE_DIR_PATH}/Podfile.lock\" \"${PODS_ROOT}/Manifest.lock\" > /dev/null\nif [ $? != 0 ] ; then\n    # print error to STDERR\n    echo \"error: The sandbox is not in sync with the Podfile.lock. Run 'pod install' or update your CocoaPods installation.\" >&2\n    exit 1\nfi\n# This output is used by Xcode 'outputs' to avoid re-running this script phase.\necho \"SUCCESS\" > \"${SCRIPT_OUTPUT_FILE_0}\"\n";
			showEnvVarsInLog = 0;
		};
		602F3F35BBE140D8A146BA28 /* [CP] Check Pods Manifest.lock */ = {
			isa = PBXShellScriptBuildPhase;
			buildActionMask = 2147483647;
			files = (
			);
			inputPaths = (
				"${PODS_PODFILE_DIR_PATH}/Podfile.lock",
				"${PODS_ROOT}/Manifest.lock",
			);
			name = "[CP] Check Pods Manifest.lock";
			outputPaths = (
				"$(DERIVED_FILE_DIR)/Pods-NetworkPlatformTests-checkManifestLockResult.txt",
			);
			runOnlyForDeploymentPostprocessing = 0;
			shellPath = /bin/sh;
			shellScript = "diff \"${PODS_PODFILE_DIR_PATH}/Podfile.lock\" \"${PODS_ROOT}/Manifest.lock\" > /dev/null\nif [ $? != 0 ] ; then\n    # print error to STDERR\n    echo \"error: The sandbox is not in sync with the Podfile.lock. Run 'pod install' or update your CocoaPods installation.\" >&2\n    exit 1\nfi\n# This output is used by Xcode 'outputs' to avoid re-running this script phase.\necho \"SUCCESS\" > \"${SCRIPT_OUTPUT_FILE_0}\"\n";
			showEnvVarsInLog = 0;
		};
		A87BFE2C83228ACAD7C3C76D /* [CP] Check Pods Manifest.lock */ = {
			isa = PBXShellScriptBuildPhase;
			buildActionMask = 2147483647;
			files = (
			);
			inputPaths = (
				"${PODS_PODFILE_DIR_PATH}/Podfile.lock",
				"${PODS_ROOT}/Manifest.lock",
			);
			name = "[CP] Check Pods Manifest.lock";
			outputPaths = (
				"$(DERIVED_FILE_DIR)/Pods-NetworkPlatform-checkManifestLockResult.txt",
			);
			runOnlyForDeploymentPostprocessing = 0;
			shellPath = /bin/sh;
			shellScript = "diff \"${PODS_PODFILE_DIR_PATH}/Podfile.lock\" \"${PODS_ROOT}/Manifest.lock\" > /dev/null\nif [ $? != 0 ] ; then\n    # print error to STDERR\n    echo \"error: The sandbox is not in sync with the Podfile.lock. Run 'pod install' or update your CocoaPods installation.\" >&2\n    exit 1\nfi\n# This output is used by Xcode 'outputs' to avoid re-running this script phase.\necho \"SUCCESS\" > \"${SCRIPT_OUTPUT_FILE_0}\"\n";
			showEnvVarsInLog = 0;
		};
		C0197D4B4B6D5645B8D4957B /* [CP] Check Pods Manifest.lock */ = {
			isa = PBXShellScriptBuildPhase;
			buildActionMask = 2147483647;
			files = (
			);
			inputPaths = (
				"${PODS_PODFILE_DIR_PATH}/Podfile.lock",
				"${PODS_ROOT}/Manifest.lock",
			);
			name = "[CP] Check Pods Manifest.lock";
			outputPaths = (
				"$(DERIVED_FILE_DIR)/Pods-KakaoMap_SampleUITests-checkManifestLockResult.txt",
			);
			runOnlyForDeploymentPostprocessing = 0;
			shellPath = /bin/sh;
			shellScript = "diff \"${PODS_PODFILE_DIR_PATH}/Podfile.lock\" \"${PODS_ROOT}/Manifest.lock\" > /dev/null\nif [ $? != 0 ] ; then\n    # print error to STDERR\n    echo \"error: The sandbox is not in sync with the Podfile.lock. Run 'pod install' or update your CocoaPods installation.\" >&2\n    exit 1\nfi\n# This output is used by Xcode 'outputs' to avoid re-running this script phase.\necho \"SUCCESS\" > \"${SCRIPT_OUTPUT_FILE_0}\"\n";
			showEnvVarsInLog = 0;
		};
		D47D26F222880186738620DA /* [CP] Check Pods Manifest.lock */ = {
			isa = PBXShellScriptBuildPhase;
			buildActionMask = 2147483647;
			files = (
			);
			inputPaths = (
				"${PODS_PODFILE_DIR_PATH}/Podfile.lock",
				"${PODS_ROOT}/Manifest.lock",
			);
			name = "[CP] Check Pods Manifest.lock";
			outputPaths = (
				"$(DERIVED_FILE_DIR)/Pods-KakaoMap_Sample-checkManifestLockResult.txt",
			);
			runOnlyForDeploymentPostprocessing = 0;
			shellPath = /bin/sh;
			shellScript = "diff \"${PODS_PODFILE_DIR_PATH}/Podfile.lock\" \"${PODS_ROOT}/Manifest.lock\" > /dev/null\nif [ $? != 0 ] ; then\n    # print error to STDERR\n    echo \"error: The sandbox is not in sync with the Podfile.lock. Run 'pod install' or update your CocoaPods installation.\" >&2\n    exit 1\nfi\n# This output is used by Xcode 'outputs' to avoid re-running this script phase.\necho \"SUCCESS\" > \"${SCRIPT_OUTPUT_FILE_0}\"\n";
			showEnvVarsInLog = 0;
		};
		F0DA31BD27D6619A185EAED4 /* [CP] Check Pods Manifest.lock */ = {
			isa = PBXShellScriptBuildPhase;
			buildActionMask = 2147483647;
			files = (
			);
			inputPaths = (
				"${PODS_PODFILE_DIR_PATH}/Podfile.lock",
				"${PODS_ROOT}/Manifest.lock",
			);
			name = "[CP] Check Pods Manifest.lock";
			outputPaths = (
				"$(DERIVED_FILE_DIR)/Pods-Domain-checkManifestLockResult.txt",
			);
			runOnlyForDeploymentPostprocessing = 0;
			shellPath = /bin/sh;
			shellScript = "diff \"${PODS_PODFILE_DIR_PATH}/Podfile.lock\" \"${PODS_ROOT}/Manifest.lock\" > /dev/null\nif [ $? != 0 ] ; then\n    # print error to STDERR\n    echo \"error: The sandbox is not in sync with the Podfile.lock. Run 'pod install' or update your CocoaPods installation.\" >&2\n    exit 1\nfi\n# This output is used by Xcode 'outputs' to avoid re-running this script phase.\necho \"SUCCESS\" > \"${SCRIPT_OUTPUT_FILE_0}\"\n";
			showEnvVarsInLog = 0;
		};
/* End PBXShellScriptBuildPhase section */

/* Begin PBXSourcesBuildPhase section */
		A12D7807229D9A5200AC5C4F /* Sources */ = {
			isa = PBXSourcesBuildPhase;
			buildActionMask = 2147483647;
			files = (
				A12D7850229D9E1E00AC5C4F /* FindPlaceUseCase.swift in Sources */,
				A12D7853229D9E2900AC5C4F /* CategoryCode.swift in Sources */,
				A12D7854229D9E2C00AC5C4F /* Position.swift in Sources */,
				A12D7851229D9E2200AC5C4F /* FindPlaces.swift in Sources */,
				A12D784F229D9E1A00AC5C4F /* UseCaseProvider.swift in Sources */,
				A12D7852229D9E2500AC5C4F /* Place.swift in Sources */,
			);
			runOnlyForDeploymentPostprocessing = 0;
		};
		A12D780F229D9A5200AC5C4F /* Sources */ = {
			isa = PBXSourcesBuildPhase;
			buildActionMask = 2147483647;
			files = (
				A12D781B229D9A5200AC5C4F /* DomainTests.swift in Sources */,
			);
			runOnlyForDeploymentPostprocessing = 0;
		};
		A12D782A229D9A7400AC5C4F /* Sources */ = {
			isa = PBXSourcesBuildPhase;
			buildActionMask = 2147483647;
			files = (
				A12D784C229D9D7600AC5C4F /* FindPlaceUseCase.swift in Sources */,
				A12D784D229D9D8F00AC5C4F /* FindPlaceService.swift in Sources */,
				A12D784E229D9D9400AC5C4F /* Network.swift in Sources */,
				A12D784B229D9D5C00AC5C4F /* UseCaseProvider.swift in Sources */,
			);
			runOnlyForDeploymentPostprocessing = 0;
		};
		A12D7832229D9A7400AC5C4F /* Sources */ = {
			isa = PBXSourcesBuildPhase;
			buildActionMask = 2147483647;
			files = (
				A12D783E229D9A7400AC5C4F /* NetworkPlatformTests.swift in Sources */,
			);
			runOnlyForDeploymentPostprocessing = 0;
		};
		A12F401A229A47D5008B282C /* Sources */ = {
			isa = PBXSourcesBuildPhase;
			buildActionMask = 2147483647;
			files = (
				CCCA508D229BCC6600AC0CCF /* Application.swift in Sources */,
				CCCE3E74229D15AD000EE4DC /* PlaceTableViewCell.swift in Sources */,
				CCCA509A229BEB2B00AC0CCF /* BaseViewController.swift in Sources */,
				A12F4024229A47D5008B282C /* MainViewController.swift in Sources */,
				A1BB8A8D229C47200034D6DB /* UIView+.swift in Sources */,
				A12F4022229A47D5008B282C /* AppDelegate.swift in Sources */,
				CCCA50A0229BF72A00AC0CCF /* MainMapView.swift in Sources */,
				CCCE3E6F229CD2E5000EE4DC /* Rx+.swift in Sources */,
				CCCA5097229BE0C700AC0CCF /* MainNavigator.swift in Sources */,
				CCCA509E229BF58500AC0CCF /* BaseView.swift in Sources */,
				CCCE3E76229D1CE9000EE4DC /* PlaceItemViewModel.swift in Sources */,
				CCCE3E6D229CC89D000EE4DC /* ViewModelType.swift in Sources */,
				A12D785E229DA8DE00AC5C4F /* CanShowAlert.swift in Sources */,
				CCCE3E6B229CC887000EE4DC /* MainViewModel.swift in Sources */,
			);
			runOnlyForDeploymentPostprocessing = 0;
		};
		A12F402E229A47D6008B282C /* Sources */ = {
			isa = PBXSourcesBuildPhase;
			buildActionMask = 2147483647;
			files = (
				A12F4037229A47D6008B282C /* KakaoMap_SampleTests.swift in Sources */,
			);
			runOnlyForDeploymentPostprocessing = 0;
		};
		A12F4039229A47D6008B282C /* Sources */ = {
			isa = PBXSourcesBuildPhase;
			buildActionMask = 2147483647;
			files = (
				A12F4042229A47D6008B282C /* KakaoMap_SampleUITests.swift in Sources */,
			);
			runOnlyForDeploymentPostprocessing = 0;
		};
/* End PBXSourcesBuildPhase section */

/* Begin PBXTargetDependency section */
		A12D7816229D9A5200AC5C4F /* PBXTargetDependency */ = {
			isa = PBXTargetDependency;
			target = A12D780A229D9A5200AC5C4F /* Domain */;
			targetProxy = A12D7815229D9A5200AC5C4F /* PBXContainerItemProxy */;
		};
		A12D7818229D9A5200AC5C4F /* PBXTargetDependency */ = {
			isa = PBXTargetDependency;
			target = A12F401D229A47D5008B282C /* KakaoMap_Sample */;
			targetProxy = A12D7817229D9A5200AC5C4F /* PBXContainerItemProxy */;
		};
		A12D781F229D9A5200AC5C4F /* PBXTargetDependency */ = {
			isa = PBXTargetDependency;
			target = A12D780A229D9A5200AC5C4F /* Domain */;
			targetProxy = A12D781E229D9A5200AC5C4F /* PBXContainerItemProxy */;
		};
		A12D7839229D9A7400AC5C4F /* PBXTargetDependency */ = {
			isa = PBXTargetDependency;
			target = A12D782D229D9A7400AC5C4F /* NetworkPlatform */;
			targetProxy = A12D7838229D9A7400AC5C4F /* PBXContainerItemProxy */;
		};
		A12D783B229D9A7400AC5C4F /* PBXTargetDependency */ = {
			isa = PBXTargetDependency;
			target = A12F401D229A47D5008B282C /* KakaoMap_Sample */;
			targetProxy = A12D783A229D9A7400AC5C4F /* PBXContainerItemProxy */;
		};
		A12D7842229D9A7400AC5C4F /* PBXTargetDependency */ = {
			isa = PBXTargetDependency;
			target = A12D782D229D9A7400AC5C4F /* NetworkPlatform */;
			targetProxy = A12D7841229D9A7400AC5C4F /* PBXContainerItemProxy */;
		};
		A12F4034229A47D6008B282C /* PBXTargetDependency */ = {
			isa = PBXTargetDependency;
			target = A12F401D229A47D5008B282C /* KakaoMap_Sample */;
			targetProxy = A12F4033229A47D6008B282C /* PBXContainerItemProxy */;
		};
		A12F403F229A47D6008B282C /* PBXTargetDependency */ = {
			isa = PBXTargetDependency;
			target = A12F401D229A47D5008B282C /* KakaoMap_Sample */;
			targetProxy = A12F403E229A47D6008B282C /* PBXContainerItemProxy */;
		};
/* End PBXTargetDependency section */

/* Begin PBXVariantGroup section */
		A12F402A229A47D6008B282C /* LaunchScreen.storyboard */ = {
			isa = PBXVariantGroup;
			children = (
				A12F402B229A47D6008B282C /* Base */,
			);
			name = LaunchScreen.storyboard;
			sourceTree = "<group>";
		};
/* End PBXVariantGroup section */

/* Begin XCBuildConfiguration section */
		A12D7823229D9A5200AC5C4F /* Debug */ = {
			isa = XCBuildConfiguration;
			baseConfigurationReference = 854F7541E0842CA627C47319 /* Pods-Domain.debug.xcconfig */;
			buildSettings = {
				CODE_SIGN_IDENTITY = "";
				CODE_SIGN_STYLE = Automatic;
				CURRENT_PROJECT_VERSION = 1;
				DEFINES_MODULE = YES;
				DEVELOPMENT_TEAM = 594TR8CRP9;
				DYLIB_COMPATIBILITY_VERSION = 1;
				DYLIB_CURRENT_VERSION = 1;
				DYLIB_INSTALL_NAME_BASE = "@rpath";
				INFOPLIST_FILE = Domain/Info.plist;
				INSTALL_PATH = "$(LOCAL_LIBRARY_DIR)/Frameworks";
				IPHONEOS_DEPLOYMENT_TARGET = 11.0;
				LD_RUNPATH_SEARCH_PATHS = (
					"$(inherited)",
					"@executable_path/Frameworks",
					"@loader_path/Frameworks",
				);
				PRODUCT_BUNDLE_IDENTIFIER = JHH.Domain;
				PRODUCT_NAME = "$(TARGET_NAME:c99extidentifier)";
				SKIP_INSTALL = YES;
				SWIFT_VERSION = 5.0;
				TARGETED_DEVICE_FAMILY = "1,2";
				VERSIONING_SYSTEM = "apple-generic";
				VERSION_INFO_PREFIX = "";
			};
			name = Debug;
		};
		A12D7824229D9A5200AC5C4F /* Release */ = {
			isa = XCBuildConfiguration;
			baseConfigurationReference = 0F3813177C0DBE12ED03972C /* Pods-Domain.release.xcconfig */;
			buildSettings = {
				CODE_SIGN_IDENTITY = "";
				CODE_SIGN_STYLE = Automatic;
				CURRENT_PROJECT_VERSION = 1;
				DEFINES_MODULE = YES;
				DEVELOPMENT_TEAM = 594TR8CRP9;
				DYLIB_COMPATIBILITY_VERSION = 1;
				DYLIB_CURRENT_VERSION = 1;
				DYLIB_INSTALL_NAME_BASE = "@rpath";
				INFOPLIST_FILE = Domain/Info.plist;
				INSTALL_PATH = "$(LOCAL_LIBRARY_DIR)/Frameworks";
				IPHONEOS_DEPLOYMENT_TARGET = 11.0;
				LD_RUNPATH_SEARCH_PATHS = (
					"$(inherited)",
					"@executable_path/Frameworks",
					"@loader_path/Frameworks",
				);
				PRODUCT_BUNDLE_IDENTIFIER = JHH.Domain;
				PRODUCT_NAME = "$(TARGET_NAME:c99extidentifier)";
				SKIP_INSTALL = YES;
				SWIFT_VERSION = 5.0;
				TARGETED_DEVICE_FAMILY = "1,2";
				VERSIONING_SYSTEM = "apple-generic";
				VERSION_INFO_PREFIX = "";
			};
			name = Release;
		};
		A12D7827229D9A5200AC5C4F /* Debug */ = {
			isa = XCBuildConfiguration;
			baseConfigurationReference = 7E681B6466475BCDAD11CD96 /* Pods-DomainTests.debug.xcconfig */;
			buildSettings = {
				ALWAYS_EMBED_SWIFT_STANDARD_LIBRARIES = YES;
				CODE_SIGN_STYLE = Automatic;
				DEVELOPMENT_TEAM = 594TR8CRP9;
				INFOPLIST_FILE = DomainTests/Info.plist;
				LD_RUNPATH_SEARCH_PATHS = (
					"$(inherited)",
					"@executable_path/Frameworks",
					"@loader_path/Frameworks",
				);
				PRODUCT_BUNDLE_IDENTIFIER = JHH.DomainTests;
				PRODUCT_NAME = "$(TARGET_NAME)";
				SWIFT_VERSION = 5.0;
				TARGETED_DEVICE_FAMILY = "1,2";
				TEST_HOST = "$(BUILT_PRODUCTS_DIR)/KakaoMap_Sample.app/KakaoMap_Sample";
			};
			name = Debug;
		};
		A12D7828229D9A5200AC5C4F /* Release */ = {
			isa = XCBuildConfiguration;
			baseConfigurationReference = 61D782C7A4E31EF0513A93EA /* Pods-DomainTests.release.xcconfig */;
			buildSettings = {
				ALWAYS_EMBED_SWIFT_STANDARD_LIBRARIES = YES;
				CODE_SIGN_STYLE = Automatic;
				DEVELOPMENT_TEAM = 594TR8CRP9;
				INFOPLIST_FILE = DomainTests/Info.plist;
				LD_RUNPATH_SEARCH_PATHS = (
					"$(inherited)",
					"@executable_path/Frameworks",
					"@loader_path/Frameworks",
				);
				PRODUCT_BUNDLE_IDENTIFIER = JHH.DomainTests;
				PRODUCT_NAME = "$(TARGET_NAME)";
				SWIFT_VERSION = 5.0;
				TARGETED_DEVICE_FAMILY = "1,2";
				TEST_HOST = "$(BUILT_PRODUCTS_DIR)/KakaoMap_Sample.app/KakaoMap_Sample";
			};
			name = Release;
		};
		A12D7846229D9A7400AC5C4F /* Debug */ = {
			isa = XCBuildConfiguration;
			baseConfigurationReference = A15B7ABF35F96BC9562DE3CA /* Pods-NetworkPlatform.debug.xcconfig */;
			buildSettings = {
				CODE_SIGN_IDENTITY = "";
				CODE_SIGN_STYLE = Automatic;
				CURRENT_PROJECT_VERSION = 1;
				DEFINES_MODULE = YES;
				DEVELOPMENT_TEAM = 594TR8CRP9;
				DYLIB_COMPATIBILITY_VERSION = 1;
				DYLIB_CURRENT_VERSION = 1;
				DYLIB_INSTALL_NAME_BASE = "@rpath";
				INFOPLIST_FILE = NetworkPlatform/Info.plist;
				INSTALL_PATH = "$(LOCAL_LIBRARY_DIR)/Frameworks";
				IPHONEOS_DEPLOYMENT_TARGET = 11.0;
				LD_RUNPATH_SEARCH_PATHS = (
					"$(inherited)",
					"@executable_path/Frameworks",
					"@loader_path/Frameworks",
				);
				PRODUCT_BUNDLE_IDENTIFIER = JHH.NetworkPlatform;
				PRODUCT_NAME = "$(TARGET_NAME:c99extidentifier)";
				SKIP_INSTALL = YES;
				SWIFT_VERSION = 5.0;
				TARGETED_DEVICE_FAMILY = "1,2";
				VERSIONING_SYSTEM = "apple-generic";
				VERSION_INFO_PREFIX = "";
			};
			name = Debug;
		};
		A12D7847229D9A7400AC5C4F /* Release */ = {
			isa = XCBuildConfiguration;
			baseConfigurationReference = 95050DE1046E545C39B2C49B /* Pods-NetworkPlatform.release.xcconfig */;
			buildSettings = {
				CODE_SIGN_IDENTITY = "";
				CODE_SIGN_STYLE = Automatic;
				CURRENT_PROJECT_VERSION = 1;
				DEFINES_MODULE = YES;
				DEVELOPMENT_TEAM = 594TR8CRP9;
				DYLIB_COMPATIBILITY_VERSION = 1;
				DYLIB_CURRENT_VERSION = 1;
				DYLIB_INSTALL_NAME_BASE = "@rpath";
				INFOPLIST_FILE = NetworkPlatform/Info.plist;
				INSTALL_PATH = "$(LOCAL_LIBRARY_DIR)/Frameworks";
				IPHONEOS_DEPLOYMENT_TARGET = 11.0;
				LD_RUNPATH_SEARCH_PATHS = (
					"$(inherited)",
					"@executable_path/Frameworks",
					"@loader_path/Frameworks",
				);
				PRODUCT_BUNDLE_IDENTIFIER = JHH.NetworkPlatform;
				PRODUCT_NAME = "$(TARGET_NAME:c99extidentifier)";
				SKIP_INSTALL = YES;
				SWIFT_VERSION = 5.0;
				TARGETED_DEVICE_FAMILY = "1,2";
				VERSIONING_SYSTEM = "apple-generic";
				VERSION_INFO_PREFIX = "";
			};
			name = Release;
		};
		A12D7849229D9A7400AC5C4F /* Debug */ = {
			isa = XCBuildConfiguration;
			baseConfigurationReference = 0D725BFA810614D58C35FF7A /* Pods-NetworkPlatformTests.debug.xcconfig */;
			buildSettings = {
				ALWAYS_EMBED_SWIFT_STANDARD_LIBRARIES = YES;
				CODE_SIGN_STYLE = Automatic;
				DEVELOPMENT_TEAM = 594TR8CRP9;
				INFOPLIST_FILE = NetworkPlatformTests/Info.plist;
				LD_RUNPATH_SEARCH_PATHS = (
					"$(inherited)",
					"@executable_path/Frameworks",
					"@loader_path/Frameworks",
				);
				PRODUCT_BUNDLE_IDENTIFIER = JHH.NetworkPlatformTests;
				PRODUCT_NAME = "$(TARGET_NAME)";
				SWIFT_VERSION = 5.0;
				TARGETED_DEVICE_FAMILY = "1,2";
				TEST_HOST = "$(BUILT_PRODUCTS_DIR)/KakaoMap_Sample.app/KakaoMap_Sample";
			};
			name = Debug;
		};
		A12D784A229D9A7400AC5C4F /* Release */ = {
			isa = XCBuildConfiguration;
			baseConfigurationReference = AA06338644513DE7D0A23AD7 /* Pods-NetworkPlatformTests.release.xcconfig */;
			buildSettings = {
				ALWAYS_EMBED_SWIFT_STANDARD_LIBRARIES = YES;
				CODE_SIGN_STYLE = Automatic;
				DEVELOPMENT_TEAM = 594TR8CRP9;
				INFOPLIST_FILE = NetworkPlatformTests/Info.plist;
				LD_RUNPATH_SEARCH_PATHS = (
					"$(inherited)",
					"@executable_path/Frameworks",
					"@loader_path/Frameworks",
				);
				PRODUCT_BUNDLE_IDENTIFIER = JHH.NetworkPlatformTests;
				PRODUCT_NAME = "$(TARGET_NAME)";
				SWIFT_VERSION = 5.0;
				TARGETED_DEVICE_FAMILY = "1,2";
				TEST_HOST = "$(BUILT_PRODUCTS_DIR)/KakaoMap_Sample.app/KakaoMap_Sample";
			};
			name = Release;
		};
		A12F4044229A47D6008B282C /* Debug */ = {
			isa = XCBuildConfiguration;
			buildSettings = {
				ALWAYS_SEARCH_USER_PATHS = NO;
				CLANG_ANALYZER_NONNULL = YES;
				CLANG_ANALYZER_NUMBER_OBJECT_CONVERSION = YES_AGGRESSIVE;
				CLANG_CXX_LANGUAGE_STANDARD = "gnu++14";
				CLANG_CXX_LIBRARY = "libc++";
				CLANG_ENABLE_MODULES = YES;
				CLANG_ENABLE_OBJC_ARC = YES;
				CLANG_ENABLE_OBJC_WEAK = YES;
				CLANG_WARN_BLOCK_CAPTURE_AUTORELEASING = YES;
				CLANG_WARN_BOOL_CONVERSION = YES;
				CLANG_WARN_COMMA = YES;
				CLANG_WARN_CONSTANT_CONVERSION = YES;
				CLANG_WARN_DEPRECATED_OBJC_IMPLEMENTATIONS = YES;
				CLANG_WARN_DIRECT_OBJC_ISA_USAGE = YES_ERROR;
				CLANG_WARN_DOCUMENTATION_COMMENTS = YES;
				CLANG_WARN_EMPTY_BODY = YES;
				CLANG_WARN_ENUM_CONVERSION = YES;
				CLANG_WARN_INFINITE_RECURSION = YES;
				CLANG_WARN_INT_CONVERSION = YES;
				CLANG_WARN_NON_LITERAL_NULL_CONVERSION = YES;
				CLANG_WARN_OBJC_IMPLICIT_RETAIN_SELF = YES;
				CLANG_WARN_OBJC_LITERAL_CONVERSION = YES;
				CLANG_WARN_OBJC_ROOT_CLASS = YES_ERROR;
				CLANG_WARN_RANGE_LOOP_ANALYSIS = YES;
				CLANG_WARN_STRICT_PROTOTYPES = YES;
				CLANG_WARN_SUSPICIOUS_MOVE = YES;
				CLANG_WARN_UNGUARDED_AVAILABILITY = YES_AGGRESSIVE;
				CLANG_WARN_UNREACHABLE_CODE = YES;
				CLANG_WARN__DUPLICATE_METHOD_MATCH = YES;
				CODE_SIGN_IDENTITY = "iPhone Developer";
				COPY_PHASE_STRIP = NO;
				DEBUG_INFORMATION_FORMAT = dwarf;
				ENABLE_STRICT_OBJC_MSGSEND = YES;
				ENABLE_TESTABILITY = YES;
				GCC_C_LANGUAGE_STANDARD = gnu11;
				GCC_DYNAMIC_NO_PIC = NO;
				GCC_NO_COMMON_BLOCKS = YES;
				GCC_OPTIMIZATION_LEVEL = 0;
				GCC_PREPROCESSOR_DEFINITIONS = (
					"DEBUG=1",
					"$(inherited)",
				);
				GCC_WARN_64_TO_32_BIT_CONVERSION = YES;
				GCC_WARN_ABOUT_RETURN_TYPE = YES_ERROR;
				GCC_WARN_UNDECLARED_SELECTOR = YES;
				GCC_WARN_UNINITIALIZED_AUTOS = YES_AGGRESSIVE;
				GCC_WARN_UNUSED_FUNCTION = YES;
				GCC_WARN_UNUSED_VARIABLE = YES;
				IPHONEOS_DEPLOYMENT_TARGET = 12.2;
				MTL_ENABLE_DEBUG_INFO = INCLUDE_SOURCE;
				MTL_FAST_MATH = YES;
				ONLY_ACTIVE_ARCH = YES;
				SDKROOT = iphoneos;
				SWIFT_ACTIVE_COMPILATION_CONDITIONS = DEBUG;
				SWIFT_OPTIMIZATION_LEVEL = "-Onone";
			};
			name = Debug;
		};
		A12F4045229A47D6008B282C /* Release */ = {
			isa = XCBuildConfiguration;
			buildSettings = {
				ALWAYS_SEARCH_USER_PATHS = NO;
				CLANG_ANALYZER_NONNULL = YES;
				CLANG_ANALYZER_NUMBER_OBJECT_CONVERSION = YES_AGGRESSIVE;
				CLANG_CXX_LANGUAGE_STANDARD = "gnu++14";
				CLANG_CXX_LIBRARY = "libc++";
				CLANG_ENABLE_MODULES = YES;
				CLANG_ENABLE_OBJC_ARC = YES;
				CLANG_ENABLE_OBJC_WEAK = YES;
				CLANG_WARN_BLOCK_CAPTURE_AUTORELEASING = YES;
				CLANG_WARN_BOOL_CONVERSION = YES;
				CLANG_WARN_COMMA = YES;
				CLANG_WARN_CONSTANT_CONVERSION = YES;
				CLANG_WARN_DEPRECATED_OBJC_IMPLEMENTATIONS = YES;
				CLANG_WARN_DIRECT_OBJC_ISA_USAGE = YES_ERROR;
				CLANG_WARN_DOCUMENTATION_COMMENTS = YES;
				CLANG_WARN_EMPTY_BODY = YES;
				CLANG_WARN_ENUM_CONVERSION = YES;
				CLANG_WARN_INFINITE_RECURSION = YES;
				CLANG_WARN_INT_CONVERSION = YES;
				CLANG_WARN_NON_LITERAL_NULL_CONVERSION = YES;
				CLANG_WARN_OBJC_IMPLICIT_RETAIN_SELF = YES;
				CLANG_WARN_OBJC_LITERAL_CONVERSION = YES;
				CLANG_WARN_OBJC_ROOT_CLASS = YES_ERROR;
				CLANG_WARN_RANGE_LOOP_ANALYSIS = YES;
				CLANG_WARN_STRICT_PROTOTYPES = YES;
				CLANG_WARN_SUSPICIOUS_MOVE = YES;
				CLANG_WARN_UNGUARDED_AVAILABILITY = YES_AGGRESSIVE;
				CLANG_WARN_UNREACHABLE_CODE = YES;
				CLANG_WARN__DUPLICATE_METHOD_MATCH = YES;
				CODE_SIGN_IDENTITY = "iPhone Developer";
				COPY_PHASE_STRIP = NO;
				DEBUG_INFORMATION_FORMAT = "dwarf-with-dsym";
				ENABLE_NS_ASSERTIONS = NO;
				ENABLE_STRICT_OBJC_MSGSEND = YES;
				GCC_C_LANGUAGE_STANDARD = gnu11;
				GCC_NO_COMMON_BLOCKS = YES;
				GCC_WARN_64_TO_32_BIT_CONVERSION = YES;
				GCC_WARN_ABOUT_RETURN_TYPE = YES_ERROR;
				GCC_WARN_UNDECLARED_SELECTOR = YES;
				GCC_WARN_UNINITIALIZED_AUTOS = YES_AGGRESSIVE;
				GCC_WARN_UNUSED_FUNCTION = YES;
				GCC_WARN_UNUSED_VARIABLE = YES;
				IPHONEOS_DEPLOYMENT_TARGET = 12.2;
				MTL_ENABLE_DEBUG_INFO = NO;
				MTL_FAST_MATH = YES;
				SDKROOT = iphoneos;
				SWIFT_COMPILATION_MODE = wholemodule;
				SWIFT_OPTIMIZATION_LEVEL = "-O";
				VALIDATE_PRODUCT = YES;
			};
			name = Release;
		};
		A12F4047229A47D6008B282C /* Debug */ = {
			isa = XCBuildConfiguration;
			baseConfigurationReference = 02F573F15743992E07739DE7 /* Pods-KakaoMap_Sample.debug.xcconfig */;
			buildSettings = {
				ALWAYS_EMBED_SWIFT_STANDARD_LIBRARIES = YES;
				ASSETCATALOG_COMPILER_APPICON_NAME = AppIcon;
				CLANG_ENABLE_MODULES = YES;
				CLANG_ENABLE_OBJC_ARC = NO;
				CODE_SIGN_STYLE = Automatic;
				DEVELOPMENT_TEAM = 594TR8CRP9;
				FRAMEWORK_SEARCH_PATHS = (
					"$(inherited)",
					"$(PROJECT_DIR)/DaumMap.embeddedframework",
				);
				INFOPLIST_FILE = KakaoMap_Sample/Info.plist;
				IPHONEOS_DEPLOYMENT_TARGET = 11.0;
				LD_RUNPATH_SEARCH_PATHS = (
					"$(inherited)",
					"@executable_path/Frameworks",
				);
				PRODUCT_BUNDLE_IDENTIFIER = "JHH.KakaoMap-Sample";
				PRODUCT_NAME = "$(TARGET_NAME)";
				SWIFT_OBJC_BRIDGING_HEADER = "KakaoMap_Sample/Support/KakaoMap_Sample-Bridging-Header.h";
				SWIFT_OPTIMIZATION_LEVEL = "-Onone";
				SWIFT_VERSION = 5.0;
				TARGETED_DEVICE_FAMILY = "1,2";
			};
			name = Debug;
		};
		A12F4048229A47D6008B282C /* Release */ = {
			isa = XCBuildConfiguration;
			baseConfigurationReference = 4C1B5F7623DD53556A316A7A /* Pods-KakaoMap_Sample.release.xcconfig */;
			buildSettings = {
				ALWAYS_EMBED_SWIFT_STANDARD_LIBRARIES = YES;
				ASSETCATALOG_COMPILER_APPICON_NAME = AppIcon;
				CLANG_ENABLE_MODULES = YES;
				CLANG_ENABLE_OBJC_ARC = NO;
				CODE_SIGN_STYLE = Automatic;
				DEVELOPMENT_TEAM = 594TR8CRP9;
				FRAMEWORK_SEARCH_PATHS = (
					"$(inherited)",
					"$(PROJECT_DIR)/DaumMap.embeddedframework",
				);
				INFOPLIST_FILE = KakaoMap_Sample/Info.plist;
				IPHONEOS_DEPLOYMENT_TARGET = 11.0;
				LD_RUNPATH_SEARCH_PATHS = (
					"$(inherited)",
					"@executable_path/Frameworks",
				);
				PRODUCT_BUNDLE_IDENTIFIER = "JHH.KakaoMap-Sample";
				PRODUCT_NAME = "$(TARGET_NAME)";
				SWIFT_OBJC_BRIDGING_HEADER = "KakaoMap_Sample/Support/KakaoMap_Sample-Bridging-Header.h";
				SWIFT_VERSION = 5.0;
				TARGETED_DEVICE_FAMILY = "1,2";
			};
			name = Release;
		};
		A12F404A229A47D6008B282C /* Debug */ = {
			isa = XCBuildConfiguration;
			baseConfigurationReference = BF180E228F28ECF1AAD83FC1 /* Pods-KakaoMap_SampleTests.debug.xcconfig */;
			buildSettings = {
				ALWAYS_EMBED_SWIFT_STANDARD_LIBRARIES = YES;
				BUNDLE_LOADER = "$(TEST_HOST)";
				CODE_SIGN_STYLE = Automatic;
				DEVELOPMENT_TEAM = 594TR8CRP9;
				INFOPLIST_FILE = KakaoMap_SampleTests/Info.plist;
				LD_RUNPATH_SEARCH_PATHS = (
					"$(inherited)",
					"@executable_path/Frameworks",
					"@loader_path/Frameworks",
				);
				PRODUCT_BUNDLE_IDENTIFIER = "JHH.KakaoMap-SampleTests";
				PRODUCT_NAME = "$(TARGET_NAME)";
				SWIFT_VERSION = 5.0;
				TARGETED_DEVICE_FAMILY = "1,2";
				TEST_HOST = "$(BUILT_PRODUCTS_DIR)/KakaoMap_Sample.app/KakaoMap_Sample";
			};
			name = Debug;
		};
		A12F404B229A47D6008B282C /* Release */ = {
			isa = XCBuildConfiguration;
			baseConfigurationReference = D149AFEFD4C305C7C589C7CD /* Pods-KakaoMap_SampleTests.release.xcconfig */;
			buildSettings = {
				ALWAYS_EMBED_SWIFT_STANDARD_LIBRARIES = YES;
				BUNDLE_LOADER = "$(TEST_HOST)";
				CODE_SIGN_STYLE = Automatic;
				DEVELOPMENT_TEAM = 594TR8CRP9;
				INFOPLIST_FILE = KakaoMap_SampleTests/Info.plist;
				LD_RUNPATH_SEARCH_PATHS = (
					"$(inherited)",
					"@executable_path/Frameworks",
					"@loader_path/Frameworks",
				);
				PRODUCT_BUNDLE_IDENTIFIER = "JHH.KakaoMap-SampleTests";
				PRODUCT_NAME = "$(TARGET_NAME)";
				SWIFT_VERSION = 5.0;
				TARGETED_DEVICE_FAMILY = "1,2";
				TEST_HOST = "$(BUILT_PRODUCTS_DIR)/KakaoMap_Sample.app/KakaoMap_Sample";
			};
			name = Release;
		};
		A12F404D229A47D6008B282C /* Debug */ = {
			isa = XCBuildConfiguration;
			baseConfigurationReference = DBCCA0F9DF3EBB4CBD416351 /* Pods-KakaoMap_SampleUITests.debug.xcconfig */;
			buildSettings = {
				ALWAYS_EMBED_SWIFT_STANDARD_LIBRARIES = YES;
				CODE_SIGN_STYLE = Automatic;
				DEVELOPMENT_TEAM = 594TR8CRP9;
				INFOPLIST_FILE = KakaoMap_SampleUITests/Info.plist;
				LD_RUNPATH_SEARCH_PATHS = (
					"$(inherited)",
					"@executable_path/Frameworks",
					"@loader_path/Frameworks",
				);
				PRODUCT_BUNDLE_IDENTIFIER = "JHH.KakaoMap-SampleUITests";
				PRODUCT_NAME = "$(TARGET_NAME)";
				SWIFT_VERSION = 5.0;
				TARGETED_DEVICE_FAMILY = "1,2";
				TEST_TARGET_NAME = KakaoMap_Sample;
			};
			name = Debug;
		};
		A12F404E229A47D6008B282C /* Release */ = {
			isa = XCBuildConfiguration;
			baseConfigurationReference = E6FE01596D26FDFC0B2AD79F /* Pods-KakaoMap_SampleUITests.release.xcconfig */;
			buildSettings = {
				ALWAYS_EMBED_SWIFT_STANDARD_LIBRARIES = YES;
				CODE_SIGN_STYLE = Automatic;
				DEVELOPMENT_TEAM = 594TR8CRP9;
				INFOPLIST_FILE = KakaoMap_SampleUITests/Info.plist;
				LD_RUNPATH_SEARCH_PATHS = (
					"$(inherited)",
					"@executable_path/Frameworks",
					"@loader_path/Frameworks",
				);
				PRODUCT_BUNDLE_IDENTIFIER = "JHH.KakaoMap-SampleUITests";
				PRODUCT_NAME = "$(TARGET_NAME)";
				SWIFT_VERSION = 5.0;
				TARGETED_DEVICE_FAMILY = "1,2";
				TEST_TARGET_NAME = KakaoMap_Sample;
			};
			name = Release;
		};
/* End XCBuildConfiguration section */

/* Begin XCConfigurationList section */
		A12D7822229D9A5200AC5C4F /* Build configuration list for PBXNativeTarget "Domain" */ = {
			isa = XCConfigurationList;
			buildConfigurations = (
				A12D7823229D9A5200AC5C4F /* Debug */,
				A12D7824229D9A5200AC5C4F /* Release */,
			);
			defaultConfigurationIsVisible = 0;
			defaultConfigurationName = Release;
		};
		A12D7826229D9A5200AC5C4F /* Build configuration list for PBXNativeTarget "DomainTests" */ = {
			isa = XCConfigurationList;
			buildConfigurations = (
				A12D7827229D9A5200AC5C4F /* Debug */,
				A12D7828229D9A5200AC5C4F /* Release */,
			);
			defaultConfigurationIsVisible = 0;
			defaultConfigurationName = Release;
		};
		A12D7845229D9A7400AC5C4F /* Build configuration list for PBXNativeTarget "NetworkPlatform" */ = {
			isa = XCConfigurationList;
			buildConfigurations = (
				A12D7846229D9A7400AC5C4F /* Debug */,
				A12D7847229D9A7400AC5C4F /* Release */,
			);
			defaultConfigurationIsVisible = 0;
			defaultConfigurationName = Release;
		};
		A12D7848229D9A7400AC5C4F /* Build configuration list for PBXNativeTarget "NetworkPlatformTests" */ = {
			isa = XCConfigurationList;
			buildConfigurations = (
				A12D7849229D9A7400AC5C4F /* Debug */,
				A12D784A229D9A7400AC5C4F /* Release */,
			);
			defaultConfigurationIsVisible = 0;
			defaultConfigurationName = Release;
		};
		A12F4019229A47D5008B282C /* Build configuration list for PBXProject "KakaoMap_Sample" */ = {
			isa = XCConfigurationList;
			buildConfigurations = (
				A12F4044229A47D6008B282C /* Debug */,
				A12F4045229A47D6008B282C /* Release */,
			);
			defaultConfigurationIsVisible = 0;
			defaultConfigurationName = Release;
		};
		A12F4046229A47D6008B282C /* Build configuration list for PBXNativeTarget "KakaoMap_Sample" */ = {
			isa = XCConfigurationList;
			buildConfigurations = (
				A12F4047229A47D6008B282C /* Debug */,
				A12F4048229A47D6008B282C /* Release */,
			);
			defaultConfigurationIsVisible = 0;
			defaultConfigurationName = Release;
		};
		A12F4049229A47D6008B282C /* Build configuration list for PBXNativeTarget "KakaoMap_SampleTests" */ = {
			isa = XCConfigurationList;
			buildConfigurations = (
				A12F404A229A47D6008B282C /* Debug */,
				A12F404B229A47D6008B282C /* Release */,
			);
			defaultConfigurationIsVisible = 0;
			defaultConfigurationName = Release;
		};
		A12F404C229A47D6008B282C /* Build configuration list for PBXNativeTarget "KakaoMap_SampleUITests" */ = {
			isa = XCConfigurationList;
			buildConfigurations = (
				A12F404D229A47D6008B282C /* Debug */,
				A12F404E229A47D6008B282C /* Release */,
			);
			defaultConfigurationIsVisible = 0;
			defaultConfigurationName = Release;
		};
/* End XCConfigurationList section */
	};
	rootObject = A12F4016229A47D5008B282C /* Project object */;
}
